<?xml version="1.0" encoding="utf-8"?>
<Project ToolsVersion="4.0" xmlns="http://schemas.microsoft.com/developer/msbuild/2003">
  <ItemGroup>
    <ClCompile Include="Application\Src\Sample\SampleScene\CollisionTestScene\CollisionTestScene.cpp">
      <Filter>Application\Src\Sample\SampleScene\CollisionTestScene</Filter>
    </ClCompile>
    <ClCompile Include="Engine\Src\Camera\Camera2D.cpp">
      <Filter>Engine\Src\Camera</Filter>
    </ClCompile>
    <ClCompile Include="Engine\Src\Camera\CameraManager.cpp">
      <Filter>Engine\Src\Camera</Filter>
    </ClCompile>
    <ClCompile Include="Engine\Src\Camera\CameraPresetManager.cpp">
      <Filter>Engine\Src\Camera</Filter>
    </ClCompile>
    <ClCompile Include="Engine\Src\Camera\CameraShake.cpp">
      <Filter>Engine\Src\Camera</Filter>
    </ClCompile>
    <ClCompile Include="Engine\Src\Camera\Debug\Editor\Module\CameraClipPlayerModule.cpp">
      <Filter>Engine\Src\Camera\Debug\Editor\Module</Filter>
    </ClCompile>
    <ClCompile Include="Engine\Src\Camera\Debug\Editor\CameraDebugUI.cpp">
      <Filter>Engine\Src\Camera\Debug\Editor</Filter>
    </ClCompile>
    <ClCompile Include="Engine\Src\Camera\Debug\Editor\Module\CameraFollowEditorModule.cpp">
      <Filter>Engine\Src\Camera\Debug\Editor\Module</Filter>
    </ClCompile>
    <ClCompile Include="Engine\Src\Camera\Debug\Editor\Module\CameraGameViewControlModule.cpp">
      <Filter>Engine\Src\Camera\Debug\Editor\Module</Filter>
    </ClCompile>
    <ClCompile Include="Engine\Src\Camera\Debug\Editor\Module\CameraKeyframeEditorModule.cpp">
      <Filter>Engine\Src\Camera\Debug\Editor\Module</Filter>
    </ClCompile>
    <ClCompile Include="Engine\Src\Camera\Debug\Editor\Module\CameraListEditorModule.cpp">
      <Filter>Engine\Src\Camera\Debug\Editor\Module</Filter>
    </ClCompile>
    <ClCompile Include="Engine\Src\Camera\Debug\Editor\Module\CameraParametersEditorModule.cpp">
      <Filter>Engine\Src\Camera\Debug\Editor\Module</Filter>
    </ClCompile>
    <ClCompile Include="Engine\Src\Camera\Debug\Editor\Module\CameraSequenceAssetIO.cpp">
      <Filter>Engine\Src\Camera\Debug\Editor\Module</Filter>
    </ClCompile>
    <ClCompile Include="Engine\Src\Camera\Debug\Editor\Module\CameraTransformEditorModule.cpp">
      <Filter>Engine\Src\Camera\Debug\Editor\Module</Filter>
    </ClCompile>
    <ClCompile Include="Engine\Src\Camera\ICamera.cpp">
      <Filter>Engine\Src\Camera</Filter>
    </ClCompile>
    <ClCompile Include="Engine\Src\Collider\AABBCollider.cpp">
      <Filter>Engine\Src\Collider</Filter>
    </ClCompile>
    <ClCompile Include="Engine\Src\Collider\Collider.cpp">
      <Filter>Engine\Src\Collider</Filter>
    </ClCompile>
    <ClCompile Include="Engine\Src\Collider\CollisionConfig.cpp">
      <Filter>Engine\Src\Collider</Filter>
    </ClCompile>
    <ClCompile Include="Engine\Src\Collider\CollisionManager.cpp">
      <Filter>Engine\Src\Collider</Filter>
    </ClCompile>
    <ClCompile Include="Engine\Src\Collider\SphereCollider.cpp">
      <Filter>Engine\Src\Collider</Filter>
    </ClCompile>
    <ClCompile Include="Engine\Src\EngineSystem\EngineSystem.cpp">
      <Filter>Engine\Src\EngineSystem</Filter>
    </ClCompile>
    <ClCompile Include="Engine\Src\Framework\Framework.cpp">
      <Filter>Engine\Src\Framework</Filter>
    </ClCompile>
    <ClCompile Include="Engine\Src\Graphics\Asset\AssetDatabase.cpp">
      <Filter>Engine\Src\Graphics\Asset</Filter>
    </ClCompile>
    <ClCompile Include="Engine\Src\Graphics\Asset\AssetMetadata.cpp">
      <Filter>Engine\Src\Graphics\Asset</Filter>
    </ClCompile>
    <ClCompile Include="Engine\Src\Graphics\Common\GpuTimestampProfiler.cpp">
      <Filter>Engine\Src\Graphics\Common</Filter>
    </ClCompile>
    <ClCompile Include="Engine\Src\Graphics\Material\Debug\MaterialDebugUI.cpp">
      <Filter>Engine\Src\Graphics\Material\Debug</Filter>
    </ClCompile>
    <ClCompile Include="Engine\Src\Graphics\Material\MaterialInstance.cpp">
      <Filter>Engine\Src\Graphics\Material</Filter>
    </ClCompile>
    <ClCompile Include="Engine\Src\Graphics\Material\SkyBoxMaterialInstance.cpp">
      <Filter>Engine\Src\Graphics\Material</Filter>
    </ClCompile>
    <ClCompile Include="Engine\Src\Graphics\Material\SpriteMaterialInstance.cpp">
      <Filter>Engine\Src\Graphics\Material</Filter>
    </ClCompile>
    <ClCompile Include="Engine\Src\Graphics\Model\Animation\SkeletonAnimatorFactory.cpp">
      <Filter>Engine\Src\Graphics\Model\Animation</Filter>
    </ClCompile>
    <ClCompile Include="Engine\Src\Graphics\PostEffect\Effect\DeferredLighting.cpp">
      <Filter>Engine\Src\Graphics\PostEffect\Effect</Filter>
    </ClCompile>
    <ClCompile Include="Engine\Src\Graphics\Render\GBuffer\GBufferManager.cpp">
      <Filter>Engine\Src\Graphics\Render\GBuffer</Filter>
    </ClCompile>
    <ClCompile Include="Engine\Src\Graphics\Render\Line\GridRenderer.cpp">
      <Filter>Engine\Src\Graphics\Render\Line</Filter>
    </ClCompile>
    <ClCompile Include="Engine\Src\Graphics\IBL\IBLGenerator.cpp">
      <Filter>Engine\Src\Graphics\IBL</Filter>
    </ClCompile>
    <ClCompile Include="Engine\Src\Graphics\IBL\IBLManager.cpp">
      <Filter>Engine\Src\Graphics\IBL</Filter>
    </ClCompile>
    <ClCompile Include="Engine\Src\Graphics\Light\LightBufferManager.cpp">
      <Filter>Engine\Src\Graphics\Light</Filter>
    </ClCompile>
    <ClCompile Include="Engine\Src\Graphics\Light\LightDebugVisualizer.cpp">
      <Filter>Engine\Src\Graphics\Light</Filter>
    </ClCompile>
    <ClCompile Include="Engine\Src\Graphics\Light\LightManager.cpp">
      <Filter>Engine\Src\Graphics\Light</Filter>
    </ClCompile>
    <ClCompile Include="Engine\Src\Graphics\Line\LineDrawable.cpp">
      <Filter>Engine\Src\Graphics\Line</Filter>
    </ClCompile>
    <ClCompile Include="Engine\Src\Graphics\Line\LineManager.cpp">
      <Filter>Engine\Src\Graphics\Line</Filter>
    </ClCompile>
    <ClCompile Include="Engine\Src\Graphics\Model\Animation\AnimationBlender.cpp">
      <Filter>Engine\Src\Graphics\Model\Animation</Filter>
    </ClCompile>
    <ClCompile Include="Engine\Src\Graphics\Model\Animation\AnimationLoader.cpp">
      <Filter>Engine\Src\Graphics\Model\Animation</Filter>
    </ClCompile>
    <ClCompile Include="Engine\Src\Graphics\Model\Animation\AnimationUtils.cpp">
      <Filter>Engine\Src\Graphics\Model\Animation</Filter>
    </ClCompile>
    <ClCompile Include="Engine\Src\Graphics\Model\Animation\Animator.cpp">
      <Filter>Engine\Src\Graphics\Model\Animation</Filter>
    </ClCompile>
    <ClCompile Include="Engine\Src\Graphics\Model\Skeleton\SkeletonAnimator.cpp">
      <Filter>Engine\Src\Graphics\Model\Skeleton</Filter>
    </ClCompile>
    <ClCompile Include="Engine\Src\Graphics\Model\Skeleton\SkeletonLoader.cpp">
      <Filter>Engine\Src\Graphics\Model\Skeleton</Filter>
    </ClCompile>
    <ClCompile Include="Engine\Src\Graphics\Model\Skeleton\SkinClusterGenerator.cpp">
      <Filter>Engine\Src\Graphics\Model\Skeleton</Filter>
    </ClCompile>
    <ClCompile Include="Engine\Src\Graphics\PostEffect\Effect\Bloom.cpp">
      <Filter>Engine\Src\Graphics\PostEffect\Effect</Filter>
    </ClCompile>
    <ClCompile Include="Engine\Src\Graphics\PostEffect\Effect\Dissolve.cpp">
      <Filter>Engine\Src\Graphics\PostEffect\Effect</Filter>
    </ClCompile>
    <ClCompile Include="Engine\Src\Graphics\PostEffect\PostEffectPresetManager.cpp">
      <Filter>Engine\Src\Graphics\PostEffect</Filter>
    </ClCompile>
    <ClCompile Include="Engine\Src\Graphics\Render\Line\LineRendererPipeline.cpp">
      <Filter>Engine\Src\Graphics\Render\Line</Filter>
    </ClCompile>
    <ClCompile Include="Engine\Src\Graphics\Render\Model\BaseModelRenderer.cpp">
      <Filter>Engine\Src\Graphics\Render\Model</Filter>
    </ClCompile>
    <ClCompile Include="Engine\Src\Graphics\Render\Model\ModelRenderer.cpp">
      <Filter>Engine\Src\Graphics\Render\Model</Filter>
    </ClCompile>
    <ClCompile Include="Engine\Src\Graphics\Render\Model\SkinnedModelRenderer.cpp">
      <Filter>Engine\Src\Graphics\Render\Model</Filter>
    </ClCompile>
    <ClCompile Include="Engine\Src\Graphics\Render\Particle\BaseParticleRenderer.cpp">
      <Filter>Engine\Src\Graphics\Render\Particle</Filter>
    </ClCompile>
    <ClCompile Include="Engine\Src\Graphics\Render\Particle\ModelParticleRenderer.cpp">
      <Filter>Engine\Src\Graphics\Render\Particle</Filter>
    </ClCompile>
    <ClCompile Include="Engine\Src\Graphics\Render\Particle\ParticleRenderer.cpp">
      <Filter>Engine\Src\Graphics\Render\Particle</Filter>
    </ClCompile>
    <ClCompile Include="Engine\Src\Graphics\Render\Pass\BackBufferPass.cpp">
      <Filter>Engine\Src\Graphics\Render\Pass</Filter>
    </ClCompile>
    <ClCompile Include="Engine\Src\Graphics\Render\Pass\DeferredLightingPass.cpp">
      <Filter>Engine\Src\Graphics\Render\Pass</Filter>
    </ClCompile>
    <ClCompile Include="Engine\Src\Graphics\Render\Pass\GBufferPass.cpp">
      <Filter>Engine\Src\Graphics\Render\Pass</Filter>
    </ClCompile>
    <ClCompile Include="Engine\Src\Graphics\Render\Pass\GeometryPass.cpp">
      <Filter>Engine\Src\Graphics\Render\Pass</Filter>
    </ClCompile>
    <ClCompile Include="Engine\Src\Graphics\Render\Pass\PostEffectPass.cpp">
      <Filter>Engine\Src\Graphics\Render\Pass</Filter>
    </ClCompile>
    <ClCompile Include="Engine\Src\Graphics\Render\Pass\RenderPipeline.cpp">
      <Filter>Engine\Src\Graphics\Render\Pass</Filter>
    </ClCompile>
    <ClCompile Include="Engine\Src\Graphics\Render\Pass\ShadowMapPass.cpp">
      <Filter>Engine\Src\Graphics\Render\Pass</Filter>
    </ClCompile>
    <ClCompile Include="Engine\Src\Graphics\Render\RenderManager.cpp">
      <Filter>Engine\Src\Graphics\Render</Filter>
    </ClCompile>
    <ClCompile Include="Engine\Src\Graphics\Render\RenderTarget\BackBufferRenderTarget.cpp">
      <Filter>Engine\Src\Graphics\Render\RenderTarget</Filter>
    </ClCompile>
    <ClCompile Include="Engine\Src\Graphics\Render\RenderTarget\OffscreenRenderTarget.cpp">
      <Filter>Engine\Src\Graphics\Render\RenderTarget</Filter>
    </ClCompile>
    <ClCompile Include="Engine\Src\Graphics\Render\RenderTarget\RenderTarget.cpp">
      <Filter>Engine\Src\Graphics\Render\RenderTarget</Filter>
    </ClCompile>
    <ClCompile Include="Engine\Src\Graphics\Render\RenderTarget\RenderTargetManager.cpp">
      <Filter>Engine\Src\Graphics\Render\RenderTarget</Filter>
    </ClCompile>
    <ClCompile Include="Engine\Src\Graphics\Render\Shadow\ShadowMapRenderer.cpp">
      <Filter>Engine\Src\Graphics\Render\Shadow</Filter>
    </ClCompile>
    <ClCompile Include="Engine\Src\Graphics\Render\SkyBox\SkyBoxRenderer.cpp">
      <Filter>Engine\Src\Graphics\Render\SkyBox</Filter>
    </ClCompile>
    <ClCompile Include="Engine\Src\Graphics\Render\Sprite\SpriteRenderer.cpp">
      <Filter>Engine\Src\Graphics\Render\Sprite</Filter>
    </ClCompile>
    <ClCompile Include="Engine\Src\Graphics\RootSignature\RootSignatureBuilder.cpp">
      <Filter>Engine\Src\Graphics\RootSignature</Filter>
    </ClCompile>
    <ClCompile Include="Engine\Src\Graphics\Shader\ShaderReflectionBuilder.cpp">
      <Filter>Engine\Src\Graphics\Shader</Filter>
    </ClCompile>
    <ClCompile Include="Engine\Src\Graphics\Shader\ShaderReflectionData.cpp">
      <Filter>Engine\Src\Graphics\Shader</Filter>
    </ClCompile>
    <ClCompile Include="Engine\Src\Graphics\Shadow\ShadowMapManager.cpp">
      <Filter>Engine\Src\Graphics\Shadow</Filter>
    </ClCompile>
    <ClCompile Include="Engine\Src\Graphics\Texture\Cache\TextureCacheStore.cpp">
      <Filter>Engine\Src\Graphics\Texture\Cache</Filter>
    </ClCompile>
    <ClCompile Include="Engine\Src\Graphics\Texture\Generate\TextureCubemapGenerator.cpp">
      <Filter>Engine\Src\Graphics\Texture\Generate</Filter>
    </ClCompile>
    <ClCompile Include="Engine\Src\Graphics\Texture\Generate\TextureDdsCacheGenerator.cpp">
      <Filter>Engine\Src\Graphics\Texture\Generate</Filter>
    </ClCompile>
    <ClCompile Include="Engine\Src\Graphics\Texture\Gpu\TextureGpuUploader.cpp">
      <Filter>Engine\Src\Graphics\Texture\Gpu</Filter>
    </ClCompile>
    <ClCompile Include="Engine\Src\Graphics\Texture\Load\TextureImageProcessor.cpp">
      <Filter>Engine\Src\Graphics\Texture\Load</Filter>
    </ClCompile>
    <ClCompile Include="Engine\Src\Graphics\Texture\Load\TextureLoadExecutor.cpp">
      <Filter>Engine\Src\Graphics\Texture\Load</Filter>
    </ClCompile>
    <ClCompile Include="Engine\Src\Graphics\Texture\Load\TextureLoadPlan.cpp">
      <Filter>Engine\Src\Graphics\Texture\Load</Filter>
    </ClCompile>
    <ClCompile Include="Engine\Src\Graphics\Texture\TextureManager.cpp">
      <Filter>Engine\Src\Graphics\Texture</Filter>
    </ClCompile>
    <ClCompile Include="Engine\Src\Graphics\Texture\Load\TextureMetadataLoader.cpp">
      <Filter>Engine\Src\Graphics\Texture\Load</Filter>
    </ClCompile>
    <ClCompile Include="Engine\Src\Graphics\Texture\Path\TexturePathResolver.cpp">
      <Filter>Engine\Src\Graphics\Texture\Path</Filter>
    </ClCompile>
    <ClCompile Include="Engine\Src\ObjectCommon\Model\AnimatedModelObject.cpp">
      <Filter>Engine\Src\ObjectCommon\Model</Filter>
    </ClCompile>
    <ClCompile Include="Engine\Src\ObjectCommon\GameObject.cpp">
      <Filter>Engine\Src\ObjectCommon</Filter>
    </ClCompile>
    <ClCompile Include="Engine\Src\ObjectCommon\GameObjectManager.cpp">
      <Filter>Engine\Src\ObjectCommon</Filter>
    </ClCompile>
    <ClCompile Include="Engine\Src\ObjectCommon\Model\ModelGameObject.cpp">
      <Filter>Engine\Src\ObjectCommon\Model</Filter>
    </ClCompile>
    <ClCompile Include="Engine\Src\ObjectCommon\Sprite\SpriteObject.cpp">
      <Filter>Engine\Src\ObjectCommon\Sprite</Filter>
    </ClCompile>
    <ClCompile Include="Engine\Src\Particle\Core\ParticleEmitter.cpp">
      <Filter>Engine\Src\Particle\Core</Filter>
    </ClCompile>
    <ClCompile Include="Engine\Src\Particle\Core\ParticleRenderDataBuilder.cpp">
      <Filter>Engine\Src\Particle\Core</Filter>
    </ClCompile>
    <ClCompile Include="Engine\Src\Particle\Core\ParticleResourceManager.cpp">
      <Filter>Engine\Src\Particle\Core</Filter>
    </ClCompile>
    <ClCompile Include="Engine\Src\Particle\Core\ParticleUpdater.cpp">
      <Filter>Engine\Src\Particle\Core</Filter>
    </ClCompile>
    <ClCompile Include="Engine\Src\Particle\Debug\ParticleSystemDebugUI.cpp">
      <Filter>Engine\Src\Particle\Debug</Filter>
    </ClCompile>
    <ClCompile Include="Engine\Src\Particle\Modules\MainModule.cpp">
      <Filter>Engine\Src\Particle\Modules</Filter>
    </ClCompile>
    <ClCompile Include="Engine\Src\Particle\Modules\NoiseModule.cpp">
      <Filter>Engine\Src\Particle\Modules</Filter>
    </ClCompile>
    <ClCompile Include="Engine\Src\Particle\Modules\ShapeModule.cpp">
      <Filter>Engine\Src\Particle\Modules</Filter>
    </ClCompile>
    <ClCompile Include="Engine\Src\Particle\ParticlePresetManager.cpp">
      <Filter>Engine\Src\Particle</Filter>
    </ClCompile>
    <ClCompile Include="Engine\Src\Scene\BaseScene.cpp">
      <Filter>Engine\Src\Scene</Filter>
    </ClCompile>
    <ClCompile Include="Application\Src\Sample\SampleScene\ParticleTestScene\ParticleTestScene.cpp">
      <Filter>Application\Src\Sample\SampleScene\ParticleTestScene</Filter>
    </ClCompile>
    <ClCompile Include="Engine\Src\Scene\SceneDebugEditor.cpp">
      <Filter>Engine\Src\Scene</Filter>
    </ClCompile>
    <ClCompile Include="Engine\Src\Scene\SceneSaveSystem.cpp">
      <Filter>Engine\Src\Scene</Filter>
    </ClCompile>
    <ClCompile Include="Engine\Src\Scene\SceneTransition.cpp">
      <Filter>Engine\Src\Scene</Filter>
    </ClCompile>
    <ClCompile Include="Application\Src\Sample\TestGameObject\AnimatedCubeObject.cpp">
      <Filter>Application\Src\Sample\TestGameObject</Filter>
    </ClCompile>
    <ClCompile Include="Application\Src\Sample\TestGameObject\FenceObject.cpp">
      <Filter>Application\Src\Sample\TestGameObject</Filter>
    </ClCompile>
    <ClCompile Include="Application\Src\Sample\TestGameObject\ModelObject.cpp">
      <Filter>Application\Src\Sample\TestGameObject</Filter>
    </ClCompile>
    <ClCompile Include="Application\Src\Sample\TestGameObject\SkeletonModelObject.cpp">
      <Filter>Application\Src\Sample\TestGameObject</Filter>
    </ClCompile>
    <ClCompile Include="Application\Src\Sample\TestGameObject\SkyBoxObject.cpp">
      <Filter>Application\Src\Sample\TestGameObject</Filter>
    </ClCompile>
    <ClCompile Include="Application\Src\Sample\TestGameObject\SneakWalkModelObject.cpp">
      <Filter>Application\Src\Sample\TestGameObject</Filter>
    </ClCompile>
    <ClCompile Include="Application\Src\Sample\TestGameObject\SphereObject.cpp">
      <Filter>Application\Src\Sample\TestGameObject</Filter>
    </ClCompile>
    <ClCompile Include="Application\Src\Sample\TestGameObject\TerrainObject.cpp">
      <Filter>Application\Src\Sample\TestGameObject</Filter>
    </ClCompile>
    <ClCompile Include="Engine\Src\Graphics\Model\Model.cpp">
      <Filter>Engine\Src\Graphics\Model</Filter>
    </ClCompile>
    <ClCompile Include="Engine\Src\Graphics\Model\ModelManager.cpp">
      <Filter>Engine\Src\Graphics\Model</Filter>
    </ClCompile>
    <ClCompile Include="Engine\Src\Graphics\Model\ModelResource.cpp">
      <Filter>Engine\Src\Graphics\Model</Filter>
    </ClCompile>
    <ClCompile Include="Engine\Src\Graphics\PostEffect\Effect\FadeEffect.cpp">
      <Filter>Engine\Src\Graphics\PostEffect\Effect</Filter>
    </ClCompile>
    <ClCompile Include="Engine\Src\Graphics\PostEffect\Effect\Invert.cpp">
      <Filter>Engine\Src\Graphics\PostEffect\Effect</Filter>
    </ClCompile>
    <ClCompile Include="Engine\Src\Graphics\PostEffect\Effect\RasterScroll.cpp">
      <Filter>Engine\Src\Graphics\PostEffect\Effect</Filter>
    </ClCompile>
    <ClCompile Include="Engine\Src\Graphics\PostEffect\Effect\Sepia.cpp">
      <Filter>Engine\Src\Graphics\PostEffect\Effect</Filter>
    </ClCompile>
    <ClCompile Include="Application\Src\Sample\SampleScene\TestScene\TestScene.cpp">
      <Filter>Application\Src\Sample\SampleScene\TestScene</Filter>
    </ClCompile>
    <ClCompile Include="Application\Src\Sample\TestGameObject\WalkModelObject.cpp">
      <Filter>Application\Src\Sample\TestGameObject</Filter>
    </ClCompile>
    <ClCompile Include="Engine\Src\Scene\UndoRedoHistory.cpp">
      <Filter>Engine\Src\Scene</Filter>
    </ClCompile>
    <ClCompile Include="Engine\Src\Threading\ThreadPool.cpp">
      <Filter>Engine\Src\Threading</Filter>
    </ClCompile>
    <ClCompile Include="Engine\Src\Utility\Collision\CollisionUtils.cpp">
      <Filter>Engine\Src\Utility\Collision</Filter>
    </ClCompile>
    <ClCompile Include="Engine\Src\Utility\Debug\ConsoleUI.cpp">
      <Filter>Engine\Src\Utility\Debug</Filter>
    </ClCompile>
    <ClCompile Include="Engine\Src\Utility\Debug\ImGui\Gizmo.cpp">
      <Filter>Engine\Src\Utility\Debug\ImGui</Filter>
    </ClCompile>
    <ClCompile Include="Engine\Src\Utility\Debug\ImGui\ObjectSelector.cpp">
      <Filter>Engine\Src\Utility\Debug\ImGui</Filter>
    </ClCompile>
    <ClCompile Include="Engine\Src\Utility\Debug\ImGui\ProjectView.cpp">
      <Filter>Engine\Src\Utility\Debug\ImGui</Filter>
    </ClCompile>
    <ClCompile Include="Engine\Src\Utility\Debug\ImGui\SceneManagerTab.cpp">
      <Filter>Engine\Src\Utility\Debug\ImGui</Filter>
    </ClCompile>
    <ClCompile Include="Engine\Src\Utility\Debug\ImGui\SceneViewportGizmoController.cpp">
      <Filter>Engine\Src\Utility\Debug\ImGui</Filter>
    </ClCompile>
    <ClCompile Include="Engine\Src\Utility\Debug\ImGui\SceneViewportSelectionController.cpp">
      <Filter>Engine\Src\Utility\Debug\ImGui</Filter>
    </ClCompile>
    <ClCompile Include="Engine\Src\Utility\Debug\ImGui\SceneViewportWindowRenderer.cpp">
      <Filter>Engine\Src\Utility\Debug\ImGui</Filter>
    </ClCompile>
    <ClCompile Include="Engine\Src\Utility\Debug\LivePPAgent.cpp">
      <Filter>Engine\Src\Utility\Debug</Filter>
    </ClCompile>
    <ClCompile Include="Engine\Src\Utility\ProcessExecutor\ProcessExecutor.cpp">
      <Filter>Engine\Src\Utility\ProcessExecutor</Filter>
    </ClCompile>
    <ClCompile Include="Engine\Src\Utility\Random\RandomGenerator.cpp">
      <Filter>Engine\Src\Utility\Random</Filter>
    </ClCompile>
    <ClCompile Include="Engine\Src\Graphics\Common\Core\DepthStencilManager.cpp">
      <Filter>Engine\Src\Graphics\Common\Core</Filter>
    </ClCompile>
    <ClCompile Include="Engine\Src\Graphics\Common\Core\CommandManager.cpp">
      <Filter>Engine\Src\Graphics\Common\Core</Filter>
    </ClCompile>
    <ClCompile Include="Engine\Src\Graphics\Common\Core\DescriptorManager.cpp">
      <Filter>Engine\Src\Graphics\Common\Core</Filter>
    </ClCompile>
    <ClCompile Include="Engine\Src\Graphics\Common\Core\DeviceManager.cpp">
      <Filter>Engine\Src\Graphics\Common\Core</Filter>
    </ClCompile>
    <ClCompile Include="Engine\Src\Graphics\Common\Core\OffScreenRenderTargetManager.cpp">
      <Filter>Engine\Src\Graphics\Common\Core</Filter>
    </ClCompile>
    <ClCompile Include="Engine\Src\Graphics\Common\Core\SwapChainManager.cpp">
      <Filter>Engine\Src\Graphics\Common\Core</Filter>
    </ClCompile>
    <ClCompile Include="Engine\Src\Graphics\Model\ModelLoader.cpp">
      <Filter>Engine\Src\Graphics\Model</Filter>
    </ClCompile>
    <ClCompile Include="Engine\Src\Graphics\PostEffect\Effect\Blur.cpp">
      <Filter>Engine\Src\Graphics\PostEffect\Effect</Filter>
    </ClCompile>
    <ClCompile Include="Engine\Src\Graphics\PostEffect\Effect\ChromaticAberration.cpp">
      <Filter>Engine\Src\Graphics\PostEffect\Effect</Filter>
    </ClCompile>
    <ClCompile Include="Engine\Src\Graphics\PostEffect\Effect\ColorGrading.cpp">
      <Filter>Engine\Src\Graphics\PostEffect\Effect</Filter>
    </ClCompile>
    <ClCompile Include="Engine\Src\Graphics\PostEffect\FullScreen.cpp">
      <Filter>Engine\Src\Graphics\PostEffect</Filter>
    </ClCompile>
    <ClCompile Include="Engine\Src\Graphics\PostEffect\Effect\GrayScale.cpp">
      <Filter>Engine\Src\Graphics\PostEffect\Effect</Filter>
    </ClCompile>
    <ClCompile Include="Engine\Src\Graphics\PostEffect\PostEffectBase.cpp">
      <Filter>Engine\Src\Graphics\PostEffect</Filter>
    </ClCompile>
    <ClCompile Include="Engine\Src\Graphics\PostEffect\PostEffectManager.cpp">
      <Filter>Engine\Src\Graphics\PostEffect</Filter>
    </ClCompile>
    <ClCompile Include="Engine\Src\Graphics\PostEffect\Effect\RadialBlur.cpp">
      <Filter>Engine\Src\Graphics\PostEffect\Effect</Filter>
    </ClCompile>
    <ClCompile Include="Engine\Src\Graphics\PostEffect\Effect\Shockwave.cpp">
      <Filter>Engine\Src\Graphics\PostEffect\Effect</Filter>
    </ClCompile>
    <ClCompile Include="Engine\Src\Graphics\PostEffect\Effect\Vignette.cpp">
      <Filter>Engine\Src\Graphics\PostEffect\Effect</Filter>
    </ClCompile>
    <ClCompile Include="Engine\Src\Math\MathCore.cpp">
      <Filter>Engine\Src\Math</Filter>
    </ClCompile>
    <ClCompile Include="Engine\Src\Math\Spline\Spline.cpp">
      <Filter>Engine\Src\Math\Spline</Filter>
    </ClCompile>
    <ClCompile Include="Engine\Src\Particle\Modules\ColorModule.cpp">
      <Filter>Engine\Src\Particle\Modules</Filter>
    </ClCompile>
    <ClCompile Include="Engine\Src\Particle\Modules\EmissionModule.cpp">
      <Filter>Engine\Src\Particle\Modules</Filter>
    </ClCompile>
    <ClCompile Include="Engine\Src\Particle\Modules\ForceModule.cpp">
      <Filter>Engine\Src\Particle\Modules</Filter>
    </ClCompile>
    <ClCompile Include="Engine\Src\Particle\Modules\RotationModule.cpp">
      <Filter>Engine\Src\Particle\Modules</Filter>
    </ClCompile>
    <ClCompile Include="Engine\Src\Particle\Modules\SizeModule.cpp">
      <Filter>Engine\Src\Particle\Modules</Filter>
    </ClCompile>
    <ClCompile Include="Engine\Src\Particle\Modules\VelocityModule.cpp">
      <Filter>Engine\Src\Particle\Modules</Filter>
    </ClCompile>
    <ClCompile Include="Engine\Src\Utility\Debug\ImGui\DockingUI.cpp">
      <Filter>Engine\Src\Utility\Debug\ImGui</Filter>
    </ClCompile>
    <ClCompile Include="Engine\Src\Camera\Debug\DebugCamera.cpp">
      <Filter>Engine\Src\Camera\Debug</Filter>
    </ClCompile>
    <ClCompile Include="Engine\Src\Camera\Release\Camera.cpp">
      <Filter>Engine\Src\Camera\Release</Filter>
    </ClCompile>
    <ClCompile Include="Engine\Src\Utility\Debug\CrashDump.cpp">
      <Filter>Engine\Src\Utility\Debug</Filter>
    </ClCompile>
    <ClCompile Include="Engine\Src\Graphics\Common\DirectXCommon.cpp">
      <Filter>Engine\Src\Graphics\Common</Filter>
    </ClCompile>
    <ClCompile Include="Engine\Src\Utility\Debug\LeakChecker.cpp">
      <Filter>Engine\Src\Utility\Debug</Filter>
    </ClCompile>
    <ClCompile Include="Engine\Src\Utility\FrameRate\FrameRateController.cpp">
      <Filter>Engine\Src\Utility\FrameRate</Filter>
    </ClCompile>
    <ClCompile Include="Engine\Src\Utility\JsonManager\JsonManager.cpp">
      <Filter>Engine\Src\Utility\JsonManager</Filter>
    </ClCompile>
    <ClCompile Include="Engine\Src\Utility\Logger\Logger.cpp">
      <Filter>Engine\Src\Utility\Logger</Filter>
    </ClCompile>
    <ClCompile Include="Engine\Src\Math\Easing\EasingUtil.cpp">
      <Filter>Engine\Src\Math\Easing</Filter>
    </ClCompile>
    <ClCompile Include="Engine\Src\Utility\Timer\GameTimer.cpp">
      <Filter>Engine\Src\Utility\Timer</Filter>
    </ClCompile>
    <ClCompile Include="Engine\Src\Input\InputManager.cpp">
      <Filter>Engine\Src\Input</Filter>
    </ClCompile>
    <ClCompile Include="Engine\Src\Utility\Debug\ImGui\ImGuiManager.cpp">
      <Filter>Engine\Src\Utility\Debug\ImGui</Filter>
    </ClCompile>
    <ClCompile Include="Engine\Src\Input\KeyboardInput.cpp">
      <Filter>Engine\Src\Input</Filter>
    </ClCompile>
    <ClCompile Include="Engine\Src\Input\GamepadInput.cpp">
      <Filter>Engine\Src\Input</Filter>
    </ClCompile>
    <ClCompile Include="Engine\Src\Utility\Debug\GameDebugUI.cpp">
      <Filter>Engine\Src\Utility\Debug</Filter>
    </ClCompile>
    <ClCompile Include="Application\Src\MyGame.cpp">
      <Filter>Application\Src</Filter>
    </ClCompile>
    <ClCompile Include="main.cpp" />
    <ClCompile Include="Engine\Src\WinApp\WinApp.cpp">
      <Filter>Engine\Src\WinApp</Filter>
    </ClCompile>
    <ClCompile Include="Engine\Src\Graphics\RootSignature\RootSignatureManager.cpp">
      <Filter>Engine\Src\Graphics\RootSignature</Filter>
    </ClCompile>
    <ClCompile Include="Engine\Src\Graphics\Pipeline\PipelineStateManager.cpp">
      <Filter>Engine\Src\Graphics\Pipeline</Filter>
    </ClCompile>
    <ClCompile Include="Engine\Src\Audio\SoundManager.cpp">
      <Filter>Engine\Src\Audio</Filter>
    </ClCompile>
    <ClCompile Include="Engine\Src\Graphics\Shader\ShaderCompiler.cpp">
      <Filter>Engine\Src\Graphics\Shader</Filter>
    </ClCompile>
    <ClCompile Include="Engine\Src\Graphics\Resource\ResourceFactory.cpp">
      <Filter>Engine\Src\Graphics\Resource</Filter>
    </ClCompile>
    <ClCompile Include="Engine\Src\Graphics\Render\Render.cpp">
      <Filter>Engine\Src\Graphics\Render</Filter>
    </ClCompile>
    <ClCompile Include="Engine\Src\WorldTransform\WorldTransform.cpp">
      <Filter>Engine\Src\WorldTransform</Filter>
    </ClCompile>
    <ClCompile Include="Engine\Src\Particle\ParticleSystem.cpp">
      <Filter>Engine\Src\Particle</Filter>
    </ClCompile>
    <ClCompile Include="Engine\Src\Scene\SceneManager.cpp">
      <Filter>Engine\Src\Scene</Filter>
    </ClCompile>
    <ClCompile Include="Engine\Src\Input\MouseInput.cpp">
      <Filter>Engine\Src\Input</Filter>
    </ClCompile>
    <ClCompile Include="Engine\Src\Utility\Debug\ImGui\SceneViewport.cpp">
      <Filter>Engine\Src\Utility\Debug\ImGui</Filter>
    </ClCompile>
    <ClCompile Include="Application\Src\Sample\TestGameObject\Plane.cpp">
      <Filter>Application\Src\Sample\TestGameObject</Filter>
    </ClCompile>
  </ItemGroup>
  <ItemGroup>
    <ClInclude Include="Application\Src\Sample\SampleScene\CollisionTestScene\CollisionTestScene.h">
      <Filter>Application\Src\Sample\SampleScene\CollisionTestScene</Filter>
    </ClInclude>
    <ClInclude Include="Engine\Src\Camera\Camera2D.h">
      <Filter>Engine\Src\Camera</Filter>
    </ClInclude>
    <ClInclude Include="Engine\Src\Camera\CameraManager.h">
      <Filter>Engine\Src\Camera</Filter>
    </ClInclude>
    <ClInclude Include="Engine\Src\Camera\CameraPresetManager.h">
      <Filter>Engine\Src\Camera</Filter>
    </ClInclude>
    <ClInclude Include="Engine\Src\Camera\CameraShake.h">
      <Filter>Engine\Src\Camera</Filter>
    </ClInclude>
    <ClInclude Include="Engine\Src\Camera\CameraStructs.h">
      <Filter>Engine\Src\Camera</Filter>
    </ClInclude>
    <ClInclude Include="Engine\Src\Camera\Debug\Editor\Module\CameraClipPlayerModule.h">
      <Filter>Engine\Src\Camera\Debug\Editor\Module</Filter>
    </ClInclude>
    <ClInclude Include="Engine\Src\Camera\Debug\Editor\CameraDebugUI.h">
      <Filter>Engine\Src\Camera\Debug\Editor</Filter>
    </ClInclude>
    <ClInclude Include="Engine\Src\Camera\Debug\Editor\Module\CameraEditorContext.h">
      <Filter>Engine\Src\Camera\Debug\Editor\Module</Filter>
    </ClInclude>
    <ClInclude Include="Engine\Src\Camera\Debug\Editor\Module\CameraFollowEditorModule.h">
      <Filter>Engine\Src\Camera\Debug\Editor\Module</Filter>
    </ClInclude>
    <ClInclude Include="Engine\Src\Camera\Debug\Editor\Module\CameraGameViewControlModule.h">
      <Filter>Engine\Src\Camera\Debug\Editor\Module</Filter>
    </ClInclude>
    <ClInclude Include="Engine\Src\Camera\Debug\Editor\Module\CameraKeyframeEditorModule.h">
      <Filter>Engine\Src\Camera\Debug\Editor\Module</Filter>
    </ClInclude>
    <ClInclude Include="Engine\Src\Camera\Debug\Editor\Module\CameraListEditorModule.h">
      <Filter>Engine\Src\Camera\Debug\Editor\Module</Filter>
    </ClInclude>
    <ClInclude Include="Engine\Src\Camera\Debug\Editor\Module\CameraParametersEditorModule.h">
      <Filter>Engine\Src\Camera\Debug\Editor\Module</Filter>
    </ClInclude>
    <ClInclude Include="Engine\Src\Camera\Debug\Editor\Module\CameraSequenceAssetIO.h">
      <Filter>Engine\Src\Camera\Debug\Editor\Module</Filter>
    </ClInclude>
    <ClInclude Include="Engine\Src\Camera\Debug\Editor\Module\CameraTransformEditorModule.h">
      <Filter>Engine\Src\Camera\Debug\Editor\Module</Filter>
    </ClInclude>
    <ClInclude Include="Engine\Src\Camera\Debug\Editor\Module\ICameraEditorModule.h">
      <Filter>Engine\Src\Camera\Debug\Editor\Module</Filter>
    </ClInclude>
    <ClInclude Include="Engine\Src\Camera\ICamera.h">
      <Filter>Engine\Src\Camera</Filter>
    </ClInclude>
    <ClInclude Include="Engine\Src\Collider\AABBCollider.h">
      <Filter>Engine\Src\Collider</Filter>
    </ClInclude>
    <ClInclude Include="Engine\Src\Collider\Collider.h">
      <Filter>Engine\Src\Collider</Filter>
    </ClInclude>
    <ClInclude Include="Engine\Src\Collider\CollisionConfig.h">
      <Filter>Engine\Src\Collider</Filter>
    </ClInclude>
    <ClInclude Include="Engine\Src\Collider\CollisionLayer.h">
      <Filter>Engine\Src\Collider</Filter>
    </ClInclude>
    <ClInclude Include="Engine\Src\Collider\CollisionManager.h">
      <Filter>Engine\Src\Collider</Filter>
    </ClInclude>
    <ClInclude Include="Engine\Src\Collider\SphereCollider.h">
      <Filter>Engine\Src\Collider</Filter>
    </ClInclude>
    <ClInclude Include="Engine\Src\EngineSystem\ComponentManager.h">
      <Filter>Engine\Src\EngineSystem</Filter>
    </ClInclude>
    <ClInclude Include="Engine\Src\EngineSystem\PlaybackState.h">
      <Filter>Engine\Src\EngineSystem</Filter>
    </ClInclude>
    <ClInclude Include="Engine\Src\Framework\Framework.h">
      <Filter>Engine\Src\Framework</Filter>
    </ClInclude>
    <ClInclude Include="Engine\Src\Graphics\Asset\AssetDatabase.h">
      <Filter>Engine\Src\Graphics\Asset</Filter>
    </ClInclude>
    <ClInclude Include="Engine\Src\Graphics\Asset\AssetInfo.h">
      <Filter>Engine\Src\Graphics\Asset</Filter>
    </ClInclude>
    <ClInclude Include="Engine\Src\Graphics\Asset\AssetMetadata.h">
      <Filter>Engine\Src\Graphics\Asset</Filter>
    </ClInclude>
    <ClInclude Include="Engine\Src\Graphics\Asset\AssetType.h">
      <Filter>Engine\Src\Graphics\Asset</Filter>
    </ClInclude>
    <ClInclude Include="Engine\Src\Graphics\Common\GpuTimestampProfiler.h">
      <Filter>Engine\Src\Graphics\Common</Filter>
    </ClInclude>
    <ClInclude Include="Engine\Src\Graphics\IBL\IBLSystem.h">
      <Filter>Engine\Src\Graphics\IBL</Filter>
    </ClInclude>
    <ClInclude Include="Engine\Src\Graphics\Material\Debug\MaterialDebugUI.h">
      <Filter>Engine\Src\Graphics\Material\Debug</Filter>
    </ClInclude>
    <ClInclude Include="Engine\Src\Graphics\Material\IMaterial.h">
      <Filter>Engine\Src\Graphics\Material</Filter>
    </ClInclude>
    <ClInclude Include="Engine\Src\Graphics\Material\MaterialBase.h">
      <Filter>Engine\Src\Graphics\Material</Filter>
    </ClInclude>
    <ClInclude Include="Engine\Src\Graphics\Material\MaterialConstants.h">
      <Filter>Engine\Src\Graphics\Material</Filter>
    </ClInclude>
    <ClInclude Include="Engine\Src\Graphics\Material\MaterialInstance.h">
      <Filter>Engine\Src\Graphics\Material</Filter>
    </ClInclude>
    <ClInclude Include="Engine\Src\Graphics\Material\SkyBoxMaterialInstance.h">
      <Filter>Engine\Src\Graphics\Material</Filter>
    </ClInclude>
    <ClInclude Include="Engine\Src\Graphics\Material\SpriteMaterialInstance.h">
      <Filter>Engine\Src\Graphics\Material</Filter>
    </ClInclude>
    <ClInclude Include="Engine\Src\Graphics\Model\Animation\IAnimationControllerFactory.h">
      <Filter>Engine\Src\Graphics\Model\Animation</Filter>
    </ClInclude>
    <ClInclude Include="Engine\Src\Graphics\Model\Animation\SkeletonAnimatorFactory.h">
      <Filter>Engine\Src\Graphics\Model\Animation</Filter>
    </ClInclude>
    <ClInclude Include="Engine\Src\Graphics\Model\MaterialAsset.h">
      <Filter>Engine\Src\Graphics\Model</Filter>
    </ClInclude>
    <ClInclude Include="Engine\Src\Graphics\Model\ModelData.h">
      <Filter>Engine\Src\Graphics\Model</Filter>
    </ClInclude>
    <ClInclude Include="Engine\Src\Graphics\Model\ModelRenderContext.h">
      <Filter>Engine\Src\Graphics\Model</Filter>
    </ClInclude>
    <ClInclude Include="Engine\Src\Graphics\Model\Node.h">
      <Filter>Engine\Src\Graphics\Model</Filter>
    </ClInclude>
    <ClInclude Include="Engine\Src\Graphics\Model\Skeleton\SkinCluster.h">
      <Filter>Engine\Src\Graphics\Model\Skeleton</Filter>
    </ClInclude>
    <ClInclude Include="Engine\Src\Graphics\Model\TransformationMatrix.h">
      <Filter>Engine\Src\Graphics\Model</Filter>
    </ClInclude>
    <ClInclude Include="Engine\Src\Graphics\Model\VertexData.h">
      <Filter>Engine\Src\Graphics\Model</Filter>
    </ClInclude>
    <ClInclude Include="Engine\Src\Graphics\PostEffect\Effect\DeferredLighting.h">
      <Filter>Engine\Src\Graphics\PostEffect\Effect</Filter>
    </ClInclude>
    <ClInclude Include="Engine\Src\Graphics\Render\GBuffer\GBufferManager.h">
      <Filter>Engine\Src\Graphics\Render\GBuffer</Filter>
    </ClInclude>
    <ClInclude Include="Engine\Src\Graphics\Render\Line\GridRenderer.h">
      <Filter>Engine\Src\Graphics\Render\Line</Filter>
    </ClInclude>
    <ClInclude Include="Engine\Src\Graphics\IBL\IBLGenerator.h">
      <Filter>Engine\Src\Graphics\IBL</Filter>
    </ClInclude>
    <ClInclude Include="Engine\Src\Graphics\IBL\IBLManager.h">
      <Filter>Engine\Src\Graphics\IBL</Filter>
    </ClInclude>
    <ClInclude Include="Engine\Src\Graphics\Light\LightBufferManager.h">
      <Filter>Engine\Src\Graphics\Light</Filter>
    </ClInclude>
    <ClInclude Include="Engine\Src\Graphics\Light\LightData.h">
      <Filter>Engine\Src\Graphics\Light</Filter>
    </ClInclude>
    <ClInclude Include="Engine\Src\Graphics\Light\LightDebugVisualizer.h">
      <Filter>Engine\Src\Graphics\Light</Filter>
    </ClInclude>
    <ClInclude Include="Engine\Src\Graphics\Line\Line.h">
      <Filter>Engine\Src\Graphics\Line</Filter>
    </ClInclude>
    <ClInclude Include="Engine\Src\Graphics\Line\LineDrawable.h">
      <Filter>Engine\Src\Graphics\Line</Filter>
    </ClInclude>
    <ClInclude Include="Engine\Src\Graphics\Line\LineManager.h">
      <Filter>Engine\Src\Graphics\Line</Filter>
    </ClInclude>
    <ClInclude Include="Engine\Src\Graphics\Model\Animation\Animation.h">
      <Filter>Engine\Src\Graphics\Model\Animation</Filter>
    </ClInclude>
    <ClInclude Include="Engine\Src\Graphics\Model\Animation\AnimationBlender.h">
      <Filter>Engine\Src\Graphics\Model\Animation</Filter>
    </ClInclude>
    <ClInclude Include="Engine\Src\Graphics\Model\Animation\AnimationLoader.h">
      <Filter>Engine\Src\Graphics\Model\Animation</Filter>
    </ClInclude>
    <ClInclude Include="Engine\Src\Graphics\Model\Animation\AnimationUtils.h">
      <Filter>Engine\Src\Graphics\Model\Animation</Filter>
    </ClInclude>
    <ClInclude Include="Engine\Src\Graphics\Model\Animation\Animator.h">
      <Filter>Engine\Src\Graphics\Model\Animation</Filter>
    </ClInclude>
    <ClInclude Include="Engine\Src\Graphics\Model\Animation\IAnimationController.h">
      <Filter>Engine\Src\Graphics\Model\Animation</Filter>
    </ClInclude>
    <ClInclude Include="Engine\Src\Graphics\Model\Animation\Keyframe.h">
      <Filter>Engine\Src\Graphics\Model\Animation</Filter>
    </ClInclude>
    <ClInclude Include="Engine\Src\Graphics\Model\Animation\NodeAnimation.h">
      <Filter>Engine\Src\Graphics\Model\Animation</Filter>
    </ClInclude>
    <ClInclude Include="Engine\Src\Graphics\Model\Skeleton\Joint.h">
      <Filter>Engine\Src\Graphics\Model\Skeleton</Filter>
    </ClInclude>
    <ClInclude Include="Engine\Src\Graphics\Model\Skeleton\Skeleton.h">
      <Filter>Engine\Src\Graphics\Model\Skeleton</Filter>
    </ClInclude>
    <ClInclude Include="Engine\Src\Graphics\Model\Skeleton\SkeletonAnimator.h">
      <Filter>Engine\Src\Graphics\Model\Skeleton</Filter>
    </ClInclude>
    <ClInclude Include="Engine\Src\Graphics\Model\Skeleton\SkeletonLoader.h">
      <Filter>Engine\Src\Graphics\Model\Skeleton</Filter>
    </ClInclude>
    <ClInclude Include="Engine\Src\Graphics\Model\Skeleton\SkinClusterGenerator.h">
      <Filter>Engine\Src\Graphics\Model\Skeleton</Filter>
    </ClInclude>
    <ClInclude Include="Engine\Src\Graphics\PostEffect\Effect\Bloom.h">
      <Filter>Engine\Src\Graphics\PostEffect\Effect</Filter>
    </ClInclude>
    <ClInclude Include="Engine\Src\Graphics\PostEffect\Effect\Dissolve.h">
      <Filter>Engine\Src\Graphics\PostEffect\Effect</Filter>
    </ClInclude>
    <ClInclude Include="Engine\Src\Graphics\PostEffect\PostEffectNames.h">
      <Filter>Engine\Src\Graphics\PostEffect</Filter>
    </ClInclude>
    <ClInclude Include="Engine\Src\Graphics\PostEffect\PostEffectPresetManager.h">
      <Filter>Engine\Src\Graphics\PostEffect</Filter>
    </ClInclude>
    <ClInclude Include="Engine\Src\Graphics\Render\IRenderer.h">
      <Filter>Engine\Src\Graphics\Render</Filter>
    </ClInclude>
    <ClInclude Include="Engine\Src\Graphics\Render\Line\LineRendererPipeline.h">
      <Filter>Engine\Src\Graphics\Render\Line</Filter>
    </ClInclude>
    <ClInclude Include="Engine\Src\Graphics\Render\Model\BaseModelRenderer.h">
      <Filter>Engine\Src\Graphics\Render\Model</Filter>
    </ClInclude>
    <ClInclude Include="Engine\Src\Graphics\Render\Model\IBLSceneParams.h">
      <Filter>Engine\Src\Graphics\Render\Model</Filter>
    </ClInclude>
    <ClInclude Include="Engine\Src\Graphics\Render\Model\ModelDrawPacket.h">
      <Filter>Engine\Src\Graphics\Render\Model</Filter>
    </ClInclude>
    <ClInclude Include="Engine\Src\Graphics\Render\Model\ModelRenderer.h">
      <Filter>Engine\Src\Graphics\Render\Model</Filter>
    </ClInclude>
    <ClInclude Include="Engine\Src\Graphics\Render\Model\SkinnedModelRenderer.h">
      <Filter>Engine\Src\Graphics\Render\Model</Filter>
    </ClInclude>
    <ClInclude Include="Engine\Src\Graphics\Render\Particle\BaseParticleRenderer.h">
      <Filter>Engine\Src\Graphics\Render\Particle</Filter>
    </ClInclude>
    <ClInclude Include="Engine\Src\Graphics\Render\Particle\ModelParticleRenderer.h">
      <Filter>Engine\Src\Graphics\Render\Particle</Filter>
    </ClInclude>
    <ClInclude Include="Engine\Src\Graphics\Render\Particle\ParticleRenderer.h">
      <Filter>Engine\Src\Graphics\Render\Particle</Filter>
    </ClInclude>
    <ClInclude Include="Engine\Src\Graphics\Render\Pass\BackBufferPass.h">
      <Filter>Engine\Src\Graphics\Render\Pass</Filter>
    </ClInclude>
    <ClInclude Include="Engine\Src\Graphics\Render\Pass\DeferredLightingPass.h">
      <Filter>Engine\Src\Graphics\Render\Pass</Filter>
    </ClInclude>
    <ClInclude Include="Engine\Src\Graphics\Render\Pass\GBufferPass.h">
      <Filter>Engine\Src\Graphics\Render\Pass</Filter>
    </ClInclude>
    <ClInclude Include="Engine\Src\Graphics\Render\Pass\GeometryPass.h">
      <Filter>Engine\Src\Graphics\Render\Pass</Filter>
    </ClInclude>
    <ClInclude Include="Engine\Src\Graphics\Render\Pass\PostEffectPass.h">
      <Filter>Engine\Src\Graphics\Render\Pass</Filter>
    </ClInclude>
    <ClInclude Include="Engine\Src\Graphics\Render\Pass\RenderPass.h">
      <Filter>Engine\Src\Graphics\Render\Pass</Filter>
    </ClInclude>
    <ClInclude Include="Engine\Src\Graphics\Render\Pass\RenderPipeline.h">
      <Filter>Engine\Src\Graphics\Render\Pass</Filter>
    </ClInclude>
    <ClInclude Include="Engine\Src\Graphics\Render\Pass\ShadowMapPass.h">
      <Filter>Engine\Src\Graphics\Render\Pass</Filter>
    </ClInclude>
    <ClInclude Include="Engine\Src\Graphics\Render\RenderManager.h">
      <Filter>Engine\Src\Graphics\Render</Filter>
    </ClInclude>
    <ClInclude Include="Engine\Src\Graphics\Render\RenderPassType.h">
      <Filter>Engine\Src\Graphics\Render</Filter>
    </ClInclude>
    <ClInclude Include="Engine\Src\Graphics\Render\RenderTarget\BackBufferRenderTarget.h">
      <Filter>Engine\Src\Graphics\Render\RenderTarget</Filter>
    </ClInclude>
    <ClInclude Include="Engine\Src\Graphics\Render\RenderTarget\OffscreenRenderTarget.h">
      <Filter>Engine\Src\Graphics\Render\RenderTarget</Filter>
    </ClInclude>
    <ClInclude Include="Engine\Src\Graphics\Render\RenderTarget\RenderTarget.h">
      <Filter>Engine\Src\Graphics\Render\RenderTarget</Filter>
    </ClInclude>
    <ClInclude Include="Engine\Src\Graphics\Render\RenderTarget\RenderTargetDescriptor.h">
      <Filter>Engine\Src\Graphics\Render\RenderTarget</Filter>
    </ClInclude>
    <ClInclude Include="Engine\Src\Graphics\Render\RenderTarget\RenderTargetManager.h">
      <Filter>Engine\Src\Graphics\Render\RenderTarget</Filter>
    </ClInclude>
    <ClInclude Include="Engine\Src\Graphics\Render\Shadow\ShadowMapRenderer.h">
      <Filter>Engine\Src\Graphics\Render\Shadow</Filter>
    </ClInclude>
    <ClInclude Include="Engine\Src\Graphics\Render\SkyBox\SkyBoxRenderer.h">
      <Filter>Engine\Src\Graphics\Render\SkyBox</Filter>
    </ClInclude>
    <ClInclude Include="Engine\Src\Graphics\Render\Sprite\SpriteMaterial.h">
      <Filter>Engine\Src\Graphics\Render\Sprite</Filter>
    </ClInclude>
    <ClInclude Include="Engine\Src\Graphics\Render\Sprite\SpriteRenderer.h">
      <Filter>Engine\Src\Graphics\Render\Sprite</Filter>
    </ClInclude>
    <ClInclude Include="Engine\Src\Graphics\RootSignature\RootSignatureBuilder.h">
      <Filter>Engine\Src\Graphics\RootSignature</Filter>
    </ClInclude>
    <ClInclude Include="Engine\Src\Graphics\RootSignature\RootSignatureConfig.h">
      <Filter>Engine\Src\Graphics\RootSignature</Filter>
    </ClInclude>
    <ClInclude Include="Engine\Src\Graphics\Shader\ShaderReflectionBuilder.h">
      <Filter>Engine\Src\Graphics\Shader</Filter>
    </ClInclude>
    <ClInclude Include="Engine\Src\Graphics\Shader\ShaderReflectionData.h">
      <Filter>Engine\Src\Graphics\Shader</Filter>
    </ClInclude>
    <ClInclude Include="Engine\Src\Graphics\Shadow\ShadowMapManager.h">
      <Filter>Engine\Src\Graphics\Shadow</Filter>
    </ClInclude>
    <ClInclude Include="Engine\Src\Graphics\Texture\Runtime\TextureLoadedResource.h">
      <Filter>Engine\Src\Graphics\Texture\Runtime</Filter>
    </ClInclude>
    <ClInclude Include="Engine\Src\Graphics\Texture\Cache\TextureCacheStore.h">
      <Filter>Engine\Src\Graphics\Texture\Cache</Filter>
    </ClInclude>
    <ClInclude Include="Engine\Src\Graphics\Texture\Generate\TextureCubemapGenerator.h">
      <Filter>Engine\Src\Graphics\Texture\Generate</Filter>
    </ClInclude>
    <ClInclude Include="Engine\Src\Graphics\Texture\Generate\TextureDdsCacheGenerator.h">
      <Filter>Engine\Src\Graphics\Texture\Generate</Filter>
    </ClInclude>
    <ClInclude Include="Engine\Src\Graphics\Texture\Gpu\TextureGpuUploader.h">
      <Filter>Engine\Src\Graphics\Texture\Gpu</Filter>
    </ClInclude>
    <ClInclude Include="Engine\Src\Graphics\Texture\Load\TextureImageProcessor.h">
      <Filter>Engine\Src\Graphics\Texture\Load</Filter>
    </ClInclude>
    <ClInclude Include="Engine\Src\Graphics\Texture\Load\TextureLoadExecutor.h">
      <Filter>Engine\Src\Graphics\Texture\Load</Filter>
    </ClInclude>
    <ClInclude Include="Engine\Src\Graphics\Texture\Load\TextureLoadPlan.h">
      <Filter>Engine\Src\Graphics\Texture\Load</Filter>
    </ClInclude>
    <ClInclude Include="Engine\Src\Graphics\Texture\Load\TextureMetadataLoader.h">
      <Filter>Engine\Src\Graphics\Texture\Load</Filter>
    </ClInclude>
    <ClInclude Include="Engine\Src\Graphics\Texture\Path\TexturePathResolver.h">
      <Filter>Engine\Src\Graphics\Texture\Path</Filter>
    </ClInclude>
    <ClInclude Include="Engine\Src\Math\EulerTransform.h">
      <Filter>Engine\Src\Math</Filter>
    </ClInclude>
    <ClInclude Include="Engine\Src\Math\Frustum.h">
      <Filter>Engine\Src\Math</Filter>
    </ClInclude>
    <ClInclude Include="Engine\Src\Math\QuaternionTransform.h">
      <Filter>Engine\Src\Math</Filter>
    </ClInclude>
    <ClInclude Include="Engine\Src\ObjectCommon\Model\AnimatedModelObject.h">
      <Filter>Engine\Src\ObjectCommon\Model</Filter>
    </ClInclude>
    <ClInclude Include="Engine\Src\ObjectCommon\GameObject.h">
      <Filter>Engine\Src\ObjectCommon</Filter>
    </ClInclude>
    <ClInclude Include="Engine\Src\ObjectCommon\GameObjectManager.h">
      <Filter>Engine\Src\ObjectCommon</Filter>
    </ClInclude>
    <ClInclude Include="Engine\Src\ObjectCommon\IObjectSpawner.h">
      <Filter>Engine\Src\ObjectCommon</Filter>
    </ClInclude>
    <ClInclude Include="Engine\Src\ObjectCommon\Model\ModelGameObject.h">
      <Filter>Engine\Src\ObjectCommon\Model</Filter>
    </ClInclude>
    <ClInclude Include="Engine\Src\ObjectCommon\Sprite\SpriteObject.h">
      <Filter>Engine\Src\ObjectCommon\Sprite</Filter>
    </ClInclude>
    <ClInclude Include="Engine\Src\Particle\Core\ParticleEmitter.h">
      <Filter>Engine\Src\Particle\Core</Filter>
    </ClInclude>
    <ClInclude Include="Engine\Src\Particle\Core\ParticleRenderDataBuilder.h">
      <Filter>Engine\Src\Particle\Core</Filter>
    </ClInclude>
    <ClInclude Include="Engine\Src\Particle\Core\ParticleResourceManager.h">
      <Filter>Engine\Src\Particle\Core</Filter>
    </ClInclude>
    <ClInclude Include="Engine\Src\Particle\Core\ParticleUpdater.h">
      <Filter>Engine\Src\Particle\Core</Filter>
    </ClInclude>
    <ClInclude Include="Engine\Src\Particle\Debug\ParticleSystemDebugUI.h">
      <Filter>Engine\Src\Particle\Debug</Filter>
    </ClInclude>
    <ClInclude Include="Engine\Src\Particle\Modules\MainModule.h">
      <Filter>Engine\Src\Particle\Modules</Filter>
    </ClInclude>
    <ClInclude Include="Engine\Src\Particle\Modules\NoiseModule.h">
      <Filter>Engine\Src\Particle\Modules</Filter>
    </ClInclude>
    <ClInclude Include="Engine\Src\Particle\Modules\ShapeModule.h">
      <Filter>Engine\Src\Particle\Modules</Filter>
    </ClInclude>
    <ClInclude Include="Engine\Src\Particle\ParticlePresetManager.h">
      <Filter>Engine\Src\Particle</Filter>
    </ClInclude>
    <ClInclude Include="Engine\Src\Scene\BaseScene.h">
      <Filter>Engine\Src\Scene</Filter>
    </ClInclude>
    <ClInclude Include="Application\Src\Sample\SampleScene\ParticleTestScene\ParticleTestScene.h">
      <Filter>Application\Src\Sample\SampleScene\ParticleTestScene</Filter>
    </ClInclude>
    <ClInclude Include="Engine\Src\Scene\SceneDebugEditor.h">
      <Filter>Engine\Src\Scene</Filter>
    </ClInclude>
    <ClInclude Include="Engine\Src\Scene\SceneSaveSystem.h">
      <Filter>Engine\Src\Scene</Filter>
    </ClInclude>
    <ClInclude Include="Engine\Src\Scene\SceneTransition.h">
      <Filter>Engine\Src\Scene</Filter>
    </ClInclude>
    <ClInclude Include="Application\Src\Sample\TestGameObject\AnimatedCubeObject.h">
      <Filter>Application\Src\Sample\TestGameObject</Filter>
    </ClInclude>
    <ClInclude Include="Application\Src\Sample\TestGameObject\FenceObject.h">
      <Filter>Application\Src\Sample\TestGameObject</Filter>
    </ClInclude>
    <ClInclude Include="Application\Src\Sample\TestGameObject\ModelObject.h">
      <Filter>Application\Src\Sample\TestGameObject</Filter>
    </ClInclude>
    <ClInclude Include="Application\Src\Sample\TestGameObject\SkeletonModelObject.h">
      <Filter>Application\Src\Sample\TestGameObject</Filter>
    </ClInclude>
    <ClInclude Include="Application\Src\Sample\TestGameObject\SkyBoxObject.h">
      <Filter>Application\Src\Sample\TestGameObject</Filter>
    </ClInclude>
    <ClInclude Include="Application\Src\Sample\TestGameObject\SneakWalkModelObject.h">
      <Filter>Application\Src\Sample\TestGameObject</Filter>
    </ClInclude>
    <ClInclude Include="Application\Src\Sample\TestGameObject\SphereObject.h">
      <Filter>Application\Src\Sample\TestGameObject</Filter>
    </ClInclude>
    <ClInclude Include="Application\Src\Sample\TestGameObject\TerrainObject.h">
      <Filter>Application\Src\Sample\TestGameObject</Filter>
    </ClInclude>
    <ClInclude Include="Engine\Src\Graphics\Model\Model.h">
      <Filter>Engine\Src\Graphics\Model</Filter>
    </ClInclude>
    <ClInclude Include="Engine\Src\Graphics\Model\ModelManager.h">
      <Filter>Engine\Src\Graphics\Model</Filter>
    </ClInclude>
    <ClInclude Include="Engine\Src\Graphics\Model\ModelResource.h">
      <Filter>Engine\Src\Graphics\Model</Filter>
    </ClInclude>
    <ClInclude Include="Engine\Src\Graphics\PostEffect\Effect\FadeEffect.h">
      <Filter>Engine\Src\Graphics\PostEffect\Effect</Filter>
    </ClInclude>
    <ClInclude Include="Engine\Src\Graphics\PostEffect\Effect\Invert.h">
      <Filter>Engine\Src\Graphics\PostEffect\Effect</Filter>
    </ClInclude>
    <ClInclude Include="Engine\Src\Graphics\PostEffect\Effect\RasterScroll.h">
      <Filter>Engine\Src\Graphics\PostEffect\Effect</Filter>
    </ClInclude>
    <ClInclude Include="Engine\Src\Graphics\PostEffect\Effect\Sepia.h">
      <Filter>Engine\Src\Graphics\PostEffect\Effect</Filter>
    </ClInclude>
    <ClInclude Include="Engine\Src\Math\BoundingBox.h">
      <Filter>Engine\Src\Math</Filter>
    </ClInclude>
    <ClInclude Include="Engine\Src\Math\Quaternion\Quaternion.h">
      <Filter>Engine\Src\Math\Quaternion</Filter>
    </ClInclude>
    <ClInclude Include="Application\Src\Sample\TestGameObject\WalkModelObject.h">
      <Filter>Application\Src\Sample\TestGameObject</Filter>
    </ClInclude>
    <ClInclude Include="Engine\Src\Scene\UndoRedoHistory.h">
      <Filter>Engine\Src\Scene</Filter>
    </ClInclude>
    <ClInclude Include="Engine\Src\Threading\ThreadPool.h">
      <Filter>Engine\Src\Threading</Filter>
    </ClInclude>
    <ClInclude Include="Engine\Src\Utility\Collision\CollisionUtils.h">
      <Filter>Engine\Src\Utility\Collision</Filter>
    </ClInclude>
    <ClInclude Include="Engine\Src\Utility\Debug\ConsoleUI.h">
      <Filter>Engine\Src\Utility\Debug</Filter>
    </ClInclude>
    <ClInclude Include="Engine\Src\Utility\Debug\ImGui\GameObjectDebugAccess.h">
      <Filter>Engine\Src\Utility\Debug\ImGui</Filter>
    </ClInclude>
    <ClInclude Include="Engine\Src\Utility\Debug\ImGui\Gizmo.h">
      <Filter>Engine\Src\Utility\Debug\ImGui</Filter>
    </ClInclude>
    <ClInclude Include="Engine\Src\Utility\Debug\ImGui\ImGuiAll.h">
      <Filter>Engine\Src\Utility\Debug\ImGui</Filter>
    </ClInclude>
    <ClInclude Include="Engine\Src\Utility\Debug\ImGui\ImGuiWidgets.h">
      <Filter>Engine\Src\Utility\Debug\ImGui</Filter>
    </ClInclude>
    <ClInclude Include="Engine\Src\Utility\Debug\ImGui\ObjectSelector.h">
      <Filter>Engine\Src\Utility\Debug\ImGui</Filter>
    </ClInclude>
    <ClInclude Include="Engine\Src\Utility\Debug\ImGui\ProjectView.h">
      <Filter>Engine\Src\Utility\Debug\ImGui</Filter>
    </ClInclude>
    <ClInclude Include="Engine\Src\Utility\Debug\ImGui\SceneManagerTab.h">
      <Filter>Engine\Src\Utility\Debug\ImGui</Filter>
    </ClInclude>
    <ClInclude Include="Engine\Src\Utility\Debug\ImGui\SceneViewportGizmoController.h">
      <Filter>Engine\Src\Utility\Debug\ImGui</Filter>
    </ClInclude>
    <ClInclude Include="Engine\Src\Utility\Debug\ImGui\SceneViewportSelectionController.h">
      <Filter>Engine\Src\Utility\Debug\ImGui</Filter>
    </ClInclude>
    <ClInclude Include="Engine\Src\Utility\Debug\ImGui\SceneViewportWindowRenderer.h">
      <Filter>Engine\Src\Utility\Debug\ImGui</Filter>
    </ClInclude>
    <ClInclude Include="Engine\Src\Utility\Debug\ImGui\Widgets\ImGuiWidgets.h">
      <Filter>Engine\Src\Utility\Debug\ImGui\Widgets</Filter>
    </ClInclude>
    <ClInclude Include="Engine\Src\Utility\Debug\ImGui\Wrappers\ImGuiInput.h">
      <Filter>Engine\Src\Utility\Debug\ImGui\Wrappers</Filter>
    </ClInclude>
    <ClInclude Include="Engine\Src\Utility\Debug\ImGui\Wrappers\ImGuiLayout.h">
      <Filter>Engine\Src\Utility\Debug\ImGui\Wrappers</Filter>
    </ClInclude>
    <ClInclude Include="Engine\Src\Utility\Debug\ImGui\Wrappers\ImGuiScope.h">
      <Filter>Engine\Src\Utility\Debug\ImGui\Wrappers</Filter>
    </ClInclude>
    <ClInclude Include="Engine\Src\Utility\Debug\LivePPAgent.h">
      <Filter>Engine\Src\Utility\Debug</Filter>
    </ClInclude>
    <ClInclude Include="Engine\Src\Utility\FileErrorDialog\FileErrorDialog.h">
      <Filter>Engine\Src\Utility\FileErrorDialog</Filter>
    </ClInclude>
    <ClInclude Include="Engine\Src\Utility\ProcessExecutor\ProcessExecutor.h">
      <Filter>Engine\Src\Utility\ProcessExecutor</Filter>
    </ClInclude>
    <ClInclude Include="Engine\Src\Utility\Random\RandomGenerator.h">
      <Filter>Engine\Src\Utility\Random</Filter>
    </ClInclude>
    <ClInclude Include="Engine\Src\EngineSystem\EngineSystem.h">
      <Filter>Engine\Src\EngineSystem</Filter>
    </ClInclude>
    <ClInclude Include="Engine\Src\Graphics\Common\Core\DepthStencilManager.h">
      <Filter>Engine\Src\Graphics\Common\Core</Filter>
    </ClInclude>
    <ClInclude Include="Engine\Src\Graphics\Common\Core\CommandManager.h">
      <Filter>Engine\Src\Graphics\Common\Core</Filter>
    </ClInclude>
    <ClInclude Include="Engine\Src\Graphics\Common\Core\DescriptorManager.h">
      <Filter>Engine\Src\Graphics\Common\Core</Filter>
    </ClInclude>
    <ClInclude Include="Engine\Src\Graphics\Common\Core\DeviceManager.h">
      <Filter>Engine\Src\Graphics\Common\Core</Filter>
    </ClInclude>
    <ClInclude Include="Engine\Src\Graphics\Common\Core\OffScreenRenderTargetManager.h">
      <Filter>Engine\Src\Graphics\Common\Core</Filter>
    </ClInclude>
    <ClInclude Include="Engine\Src\Graphics\Common\Core\SwapChainManager.h">
      <Filter>Engine\Src\Graphics\Common\Core</Filter>
    </ClInclude>
    <ClInclude Include="Engine\Src\Graphics\Model\ModelLoader.h">
      <Filter>Engine\Src\Graphics\Model</Filter>
    </ClInclude>
    <ClInclude Include="Engine\Src\Graphics\PostEffect\Effect\Blur.h">
      <Filter>Engine\Src\Graphics\PostEffect\Effect</Filter>
    </ClInclude>
    <ClInclude Include="Engine\Src\Graphics\PostEffect\Effect\ChromaticAberration.h">
      <Filter>Engine\Src\Graphics\PostEffect\Effect</Filter>
    </ClInclude>
    <ClInclude Include="Engine\Src\Graphics\PostEffect\Effect\ColorGrading.h">
      <Filter>Engine\Src\Graphics\PostEffect\Effect</Filter>
    </ClInclude>
    <ClInclude Include="Engine\Src\Graphics\PostEffect\FullScreen.h">
      <Filter>Engine\Src\Graphics\PostEffect</Filter>
    </ClInclude>
    <ClInclude Include="Engine\Src\Graphics\PostEffect\Effect\GrayScale.h">
      <Filter>Engine\Src\Graphics\PostEffect\Effect</Filter>
    </ClInclude>
    <ClInclude Include="Engine\Src\Graphics\PostEffect\PostEffectBase.h">
      <Filter>Engine\Src\Graphics\PostEffect</Filter>
    </ClInclude>
    <ClInclude Include="Engine\Src\Graphics\PostEffect\PostEffectManager.h">
      <Filter>Engine\Src\Graphics\PostEffect</Filter>
    </ClInclude>
    <ClInclude Include="Engine\Src\Graphics\PostEffect\Effect\RadialBlur.h">
      <Filter>Engine\Src\Graphics\PostEffect\Effect</Filter>
    </ClInclude>
    <ClInclude Include="Engine\Src\Graphics\PostEffect\Effect\Shockwave.h">
      <Filter>Engine\Src\Graphics\PostEffect\Effect</Filter>
    </ClInclude>
    <ClInclude Include="Engine\Src\Graphics\PostEffect\Effect\Vignette.h">
      <Filter>Engine\Src\Graphics\PostEffect\Effect</Filter>
    </ClInclude>
    <ClInclude Include="Engine\Src\Math\MathCore.h">
      <Filter>Engine\Src\Math</Filter>
    </ClInclude>
    <ClInclude Include="Engine\Src\Math\Spline\Spline.h">
      <Filter>Engine\Src\Math\Spline</Filter>
    </ClInclude>
    <ClInclude Include="Engine\Src\Particle\Modules\ColorModule.h">
      <Filter>Engine\Src\Particle\Modules</Filter>
    </ClInclude>
    <ClInclude Include="Engine\Src\Particle\Modules\EmissionModule.h">
      <Filter>Engine\Src\Particle\Modules</Filter>
    </ClInclude>
    <ClInclude Include="Engine\Src\Particle\Modules\ForceModule.h">
      <Filter>Engine\Src\Particle\Modules</Filter>
    </ClInclude>
    <ClInclude Include="Engine\Src\Particle\Modules\ParticleModule.h">
      <Filter>Engine\Src\Particle\Modules</Filter>
    </ClInclude>
    <ClInclude Include="Engine\Src\Particle\Modules\RotationModule.h">
      <Filter>Engine\Src\Particle\Modules</Filter>
    </ClInclude>
    <ClInclude Include="Engine\Src\Particle\Modules\SizeModule.h">
      <Filter>Engine\Src\Particle\Modules</Filter>
    </ClInclude>
    <ClInclude Include="Engine\Src\Particle\Modules\VelocityModule.h">
      <Filter>Engine\Src\Particle\Modules</Filter>
    </ClInclude>
    <ClInclude Include="Application\Src\Sample\SampleScene\TestScene\TestScene.h">
      <Filter>Application\Src\Sample\SampleScene\TestScene</Filter>
    </ClInclude>
    <ClInclude Include="Engine\Src\Utility\Debug\ImGui\DockingUI.h">
      <Filter>Engine\Src\Utility\Debug\ImGui</Filter>
    </ClInclude>
    <ClInclude Include="Engine\Src\Camera\Debug\DebugCamera.h">
      <Filter>Engine\Src\Camera\Debug</Filter>
    </ClInclude>
    <ClInclude Include="Engine\Src\Camera\Release\Camera.h">
      <Filter>Engine\Src\Camera\Release</Filter>
    </ClInclude>
    <ClInclude Include="Engine\Src\Scene\IScene.h">
      <Filter>Engine\Src\Scene</Filter>
    </ClInclude>
    <ClInclude Include="Engine\Src\Utility\Debug\CrashDump.h">
      <Filter>Engine\Src\Utility\Debug</Filter>
    </ClInclude>
    <ClInclude Include="Engine\Src\Graphics\Common\DirectXCommon.h">
      <Filter>Engine\Src\Graphics\Common</Filter>
    </ClInclude>
    <ClInclude Include="Engine\Src\Utility\Debug\LeakChecker.h">
      <Filter>Engine\Src\Utility\Debug</Filter>
    </ClInclude>
    <ClInclude Include="Engine\Src\Utility\FrameRate\FrameRateController.h">
      <Filter>Engine\Src\Utility\FrameRate</Filter>
    </ClInclude>
    <ClInclude Include="Engine\Src\Utility\JsonManager\JsonManager.h">
      <Filter>Engine\Src\Utility\JsonManager</Filter>
    </ClInclude>
    <ClInclude Include="Engine\Src\Utility\Logger\Logger.h">
      <Filter>Engine\Src\Utility\Logger</Filter>
    </ClInclude>
    <ClInclude Include="Engine\Src\Math\Easing\EasingUtil.h">
      <Filter>Engine\Src\Math\Easing</Filter>
    </ClInclude>
    <ClInclude Include="Engine\Src\Utility\Timer\GameTimer.h">
      <Filter>Engine\Src\Utility\Timer</Filter>
    </ClInclude>
    <ClInclude Include="Engine\Src\Graphics\Pipeline\PipelineStateManager.h">
      <Filter>Engine\Src\Graphics\Pipeline</Filter>
    </ClInclude>
    <ClInclude Include="Engine\Src\Graphics\Render\Render.h">
      <Filter>Engine\Src\Graphics\Render</Filter>
    </ClInclude>
    <ClInclude Include="Engine\Src\Input\InputManager.h">
      <Filter>Engine\Src\Input</Filter>
    </ClInclude>
    <ClInclude Include="Engine\Src\Utility\Debug\ImGui\ImGuiManager.h">
      <Filter>Engine\Src\Utility\Debug\ImGui</Filter>
    </ClInclude>
    <ClInclude Include="Engine\Src\Graphics\Light\LightManager.h">
      <Filter>Engine\Src\Graphics\Light</Filter>
    </ClInclude>
    <ClInclude Include="Engine\Src\Particle\ParticleSystem.h">
      <Filter>Engine\Src\Particle</Filter>
    </ClInclude>
    <ClInclude Include="Engine\Src\Input\IInputDevice.h">
      <Filter>Engine\Src\Input</Filter>
    </ClInclude>
    <ClInclude Include="Engine\Src\Input\KeyboardInput.h">
      <Filter>Engine\Src\Input</Filter>
    </ClInclude>
    <ClInclude Include="Engine\Src\Input\MouseInput.h">
      <Filter>Engine\Src\Input</Filter>
    </ClInclude>
    <ClInclude Include="Engine\Src\Input\GamepadInput.h">
      <Filter>Engine\Src\Input</Filter>
    </ClInclude>
    <ClInclude Include="Engine\Src\Utility\Debug\GameDebugUI.h">
      <Filter>Engine\Src\Utility\Debug</Filter>
    </ClInclude>
    <ClInclude Include="Engine\Src\WinApp\WinApp.h">
      <Filter>Engine\Src\WinApp</Filter>
    </ClInclude>
    <ClInclude Include="Engine\Src\Graphics\RootSignature\RootSignatureManager.h">
      <Filter>Engine\Src\Graphics\RootSignature</Filter>
    </ClInclude>
    <ClInclude Include="Engine\Src\Graphics\Texture\TextureManager.h">
      <Filter>Engine\Src\Graphics\Texture</Filter>
    </ClInclude>
    <ClInclude Include="Engine\Src\Audio\SoundManager.h">
      <Filter>Engine\Src\Audio</Filter>
    </ClInclude>
    <ClInclude Include="Engine\Src\Graphics\Shader\ShaderCompiler.h">
      <Filter>Engine\Src\Graphics\Shader</Filter>
    </ClInclude>
    <ClInclude Include="Engine\Src\Graphics\Resource\ResourceFactory.h">
      <Filter>Engine\Src\Graphics\Resource</Filter>
    </ClInclude>
    <ClInclude Include="Engine\Src\WorldTransform\WorldTransform.h">
      <Filter>Engine\Src\WorldTransform</Filter>
    </ClInclude>
    <ClInclude Include="Engine\Src\Scene\SceneManager.h">
      <Filter>Engine\Src\Scene</Filter>
    </ClInclude>
    <ClInclude Include="Engine\Src\Utility\Debug\ImGui\SceneViewport.h">
      <Filter>Engine\Src\Utility\Debug\ImGui</Filter>
    </ClInclude>
    <ClInclude Include="Application\Src\MyGame.h">
      <Filter>Application\Src</Filter>
    </ClInclude>
    <ClInclude Include="Application\Src\Sample\TestGameObject\Plane.h">
      <Filter>Application\Src\Sample\TestGameObject</Filter>
    </ClInclude>
  </ItemGroup>
  <ItemGroup>
    <None Include="Application\Assets\SampleAssets\human\sneakWalk.bin">
      <Filter>Application\Assets\SampleAssets\human</Filter>
    </None>
    <None Include="Application\Assets\SampleAssets\human\walk.bin">
      <Filter>Application\Assets\SampleAssets\human</Filter>
    </None>
    <None Include="Application\Assets\SampleAssets\simpleSkin\simpleSkin.bin">
      <Filter>Application\Assets\SampleAssets\simpleSkin</Filter>
    </None>
    <None Include="Docs\Audio\SoundManager.md">
      <Filter>Docs\Audio</Filter>
    </None>
    <None Include="Docs\Camera\CameraManager.md">
      <Filter>Docs\Camera</Filter>
    </None>
    <None Include="Docs\Collision\Collision.md">
      <Filter>Docs\Collision</Filter>
    </None>
    <None Include="Docs\Core\EngineSystem.md">
      <Filter>Docs\Core</Filter>
    </None>
    <None Include="Docs\Core\Framework.md">
      <Filter>Docs\Core</Filter>
    </None>
    <None Include="Docs\GameObject\GameObject.md">
      <Filter>Docs\GameObject</Filter>
    </None>
    <None Include="Docs\GameObject\ModelGameObject.md">
      <Filter>Docs\GameObject</Filter>
    </None>
    <None Include="Docs\GameObject\SpriteObject.md">
      <Filter>Docs\GameObject</Filter>
    </None>
    <None Include="Docs\GameObject\WorldTransform.md">
      <Filter>Docs\GameObject</Filter>
    </None>
    <None Include="Docs\Graphics\Lighting.md">
      <Filter>Docs\Graphics</Filter>
    </None>
    <None Include="Docs\Graphics\ModelManager.md">
      <Filter>Docs\Graphics</Filter>
    </None>
    <None Include="Docs\Graphics\TextureManager.md">
      <Filter>Docs\Graphics</Filter>
    </None>
    <None Include="Docs\Input\Input.md">
      <Filter>Docs\Input</Filter>
    </None>
    <None Include="Docs\Math\MathCore.md">
      <Filter>Docs\Math</Filter>
    </None>
    <None Include="Docs\Particle\ParticleSystem.md">
      <Filter>Docs\Particle</Filter>
    </None>
    <None Include="Docs\README.md">
      <Filter>Docs</Filter>
    </None>
    <None Include="Docs\Scene\SceneManager.md">
      <Filter>Docs\Scene</Filter>
    </None>
    <None Include="Docs\Utility\Utility.md">
      <Filter>Docs\Utility</Filter>
    </None>
    <None Include="Engine\Src\ObjectCommon\README.md">
      <Filter>Engine\Src\ObjectCommon</Filter>
    </None>
    <None Include="Scripts\SyncFilters.ps1">
      <Filter>Scripts</Filter>
    </None>
    <None Include="Engine\Src\Particle\README.md">
      <Filter>Engine\Src\Particle</Filter>
    </None>
  </ItemGroup>
  <ItemGroup>
    <Filter Include="Application">
      <UniqueIdentifier>{a6d9c513-d1e3-44be-a485-2950bd8c02a7}</UniqueIdentifier>
    </Filter>
    <Filter Include="Application\Assets">
      <UniqueIdentifier>{E38AC559-8E3B-462C-A939-BAA5AA622FDA}</UniqueIdentifier>
    </Filter>
    <Filter Include="Application\Assets\SampleAssets">
      <UniqueIdentifier>{232C704F-290C-4979-B135-6B0D5D25CD69}</UniqueIdentifier>
    </Filter>
    <Filter Include="Application\Assets\SampleAssets\human">
      <UniqueIdentifier>{1F7AD230-C12B-4945-B5E4-C8D3C6D68080}</UniqueIdentifier>
    </Filter>
    <Filter Include="Application\Assets\SampleAssets\simpleSkin">
      <UniqueIdentifier>{5435C652-445D-408D-B0F5-F30C37FB06A3}</UniqueIdentifier>
    </Filter>
    <Filter Include="Application\Src">
      <UniqueIdentifier>{8C016CA9-9773-40DE-8792-E8B53FB9372C}</UniqueIdentifier>
    </Filter>
    <Filter Include="Application\Src\Sample">
      <UniqueIdentifier>{E7661A61-EA3F-4E7F-8E6B-D0A96C16E428}</UniqueIdentifier>
    </Filter>
    <Filter Include="Application\Src\Sample\SampleScene">
      <UniqueIdentifier>{E4376BC7-4CEE-404A-A441-4F72CA1B9924}</UniqueIdentifier>
    </Filter>
    <Filter Include="Application\Src\Sample\SampleScene\CollisionTestScene">
      <UniqueIdentifier>{C53E1C86-B2C2-4DA0-9D48-4875285B3BBF}</UniqueIdentifier>
    </Filter>
    <Filter Include="Application\Src\Sample\SampleScene\ParticleTestScene">
      <UniqueIdentifier>{09DAE995-E03C-4482-8D04-890611F87BF9}</UniqueIdentifier>
    </Filter>
    <Filter Include="Application\Src\Sample\SampleScene\TestScene">
      <UniqueIdentifier>{867A4A49-D98E-4B2D-A4ED-CFD4CD58767A}</UniqueIdentifier>
    </Filter>
    <Filter Include="Application\Src\Sample\TestGameObject">
      <UniqueIdentifier>{554C1F16-770E-445F-8F03-2D6704FDBBAE}</UniqueIdentifier>
    </Filter>
    <Filter Include="Docs">
      <UniqueIdentifier>{43DD00BA-76AE-43FF-95E2-E05262653932}</UniqueIdentifier>
    </Filter>
    <Filter Include="Docs\Audio">
      <UniqueIdentifier>{52E6D764-C198-42E1-B926-27D680C3ACB9}</UniqueIdentifier>
    </Filter>
    <Filter Include="Docs\Camera">
      <UniqueIdentifier>{1A88CAEA-4C40-423A-A69D-4929EE3E25A5}</UniqueIdentifier>
    </Filter>
    <Filter Include="Docs\Collision">
      <UniqueIdentifier>{78C3DADE-00EF-49A3-99F1-A9185B772A63}</UniqueIdentifier>
    </Filter>
    <Filter Include="Docs\Core">
      <UniqueIdentifier>{07E3363A-FFA5-407C-9082-852D2D8F825B}</UniqueIdentifier>
    </Filter>
    <Filter Include="Docs\GameObject">
      <UniqueIdentifier>{281743B5-2832-4009-931D-22748855F802}</UniqueIdentifier>
    </Filter>
    <Filter Include="Docs\Graphics">
      <UniqueIdentifier>{B7465F11-9027-4E42-9346-17BEEB87E2A0}</UniqueIdentifier>
    </Filter>
    <Filter Include="Docs\Input">
      <UniqueIdentifier>{9688059E-C1C8-415A-A5E3-D4B9C60FC16D}</UniqueIdentifier>
    </Filter>
    <Filter Include="Docs\Math">
      <UniqueIdentifier>{31A3E4D3-D800-40EA-BC6D-F68D4F0D55A9}</UniqueIdentifier>
    </Filter>
    <Filter Include="Docs\Particle">
      <UniqueIdentifier>{1D064B4B-E9E2-4831-913D-BC4D622DBB11}</UniqueIdentifier>
    </Filter>
    <Filter Include="Docs\Scene">
      <UniqueIdentifier>{1B654D51-C7D5-4AB0-876E-9BBEE00F463B}</UniqueIdentifier>
    </Filter>
    <Filter Include="Docs\Utility">
      <UniqueIdentifier>{634B9633-BFDF-4537-BC09-2CC3AB116EAD}</UniqueIdentifier>
    </Filter>
    <Filter Include="Engine">
      <UniqueIdentifier>{f6f7eb83-ae86-4048-be21-0fc749f83aa2}</UniqueIdentifier>
    </Filter>
    <Filter Include="Engine\Src">
      <UniqueIdentifier>{3FE649B1-465E-485F-A9B2-66CE26308A0E}</UniqueIdentifier>
    </Filter>
    <Filter Include="Engine\Src\Audio">
      <UniqueIdentifier>{1CE42F25-26FD-4B2F-A5A0-6CE7BFE7DFF8}</UniqueIdentifier>
    </Filter>
    <Filter Include="Engine\Src\Camera">
      <UniqueIdentifier>{00C02E6E-5071-4A1A-86DD-FC5D5CDD2BC7}</UniqueIdentifier>
    </Filter>
    <Filter Include="Engine\Src\Camera\Debug">
      <UniqueIdentifier>{08318A63-7E81-4992-88CF-85F136FCA598}</UniqueIdentifier>
    </Filter>
    <Filter Include="Engine\Src\Camera\Debug\Editor">
      <UniqueIdentifier>{7D89A8D8-E2EB-4C78-8722-18A4B77D4A4D}</UniqueIdentifier>
    </Filter>
    <Filter Include="Engine\Src\Camera\Debug\Editor\Module">
      <UniqueIdentifier>{90E3FE31-37FD-45ED-807E-A8C1C1C1D391}</UniqueIdentifier>
    </Filter>
    <Filter Include="Engine\Src\Camera\Release">
      <UniqueIdentifier>{A3910E4E-46E9-484A-BAE9-6C3E0848ACF8}</UniqueIdentifier>
    </Filter>
    <Filter Include="Engine\Src\Collider">
      <UniqueIdentifier>{FE7CD193-3AA7-4398-A7A5-43C789EB47D3}</UniqueIdentifier>
    </Filter>
    <Filter Include="Engine\Src\EngineSystem">
      <UniqueIdentifier>{25A76813-6EF1-43E7-8910-74FA30780B0C}</UniqueIdentifier>
    </Filter>
    <Filter Include="Engine\Src\Framework">
      <UniqueIdentifier>{F2BB883A-63C4-47B4-B56D-44ACD21C4734}</UniqueIdentifier>
    </Filter>
    <Filter Include="Engine\Src\Graphics">
      <UniqueIdentifier>{C8B50C5F-F075-4840-B95F-62CA73D35902}</UniqueIdentifier>
    </Filter>
    <Filter Include="Engine\Src\Graphics\Asset">
      <UniqueIdentifier>{79ECF4E4-C7DC-4F22-A25A-D2E02D05D867}</UniqueIdentifier>
    </Filter>
    <Filter Include="Engine\Src\Graphics\Common">
      <UniqueIdentifier>{B4421BB1-DD73-4CFF-9FD3-7C2C0C8DE69A}</UniqueIdentifier>
    </Filter>
    <Filter Include="Engine\Src\Graphics\Common\Core">
      <UniqueIdentifier>{5D7282C7-EAB3-41AC-A9C4-A9A06AFC715E}</UniqueIdentifier>
    </Filter>
    <Filter Include="Engine\Src\Graphics\IBL">
      <UniqueIdentifier>{CB5C00A8-4E31-4B66-9096-A0DB805289CB}</UniqueIdentifier>
    </Filter>
    <Filter Include="Engine\Src\Graphics\Light">
      <UniqueIdentifier>{6E3F897F-23FE-4042-8FF1-02AA88D26941}</UniqueIdentifier>
    </Filter>
    <Filter Include="Engine\Src\Graphics\Line">
      <UniqueIdentifier>{B8450EBE-FDFB-4CE7-A7F2-D96532943288}</UniqueIdentifier>
    </Filter>
    <Filter Include="Engine\Src\Graphics\Material">
      <UniqueIdentifier>{2DB1E047-AE58-44DD-8480-B82893379866}</UniqueIdentifier>
    </Filter>
    <Filter Include="Engine\Src\Graphics\Material\Debug">
      <UniqueIdentifier>{10693903-59A0-4E5B-A93C-38B5BD0DECD2}</UniqueIdentifier>
    </Filter>
    <Filter Include="Engine\Src\Graphics\Model">
      <UniqueIdentifier>{B6A41025-2F8A-4DFB-9825-0D9F32E0D8E8}</UniqueIdentifier>
    </Filter>
    <Filter Include="Engine\Src\Graphics\Model\Animation">
      <UniqueIdentifier>{A39AF01B-7539-4519-B402-B6043E2FAD32}</UniqueIdentifier>
    </Filter>
    <Filter Include="Engine\Src\Graphics\Model\Skeleton">
      <UniqueIdentifier>{952AE05D-1B97-499E-BF89-3C3056915DBB}</UniqueIdentifier>
    </Filter>
    <Filter Include="Engine\Src\Graphics\Pipeline">
      <UniqueIdentifier>{FCC99533-2F39-4F38-B19F-18D5442B8005}</UniqueIdentifier>
    </Filter>
    <Filter Include="Engine\Src\Graphics\PostEffect">
      <UniqueIdentifier>{29BE5930-4C58-46AD-89A2-B9A60065DC18}</UniqueIdentifier>
    </Filter>
    <Filter Include="Engine\Src\Graphics\PostEffect\Effect">
      <UniqueIdentifier>{2F5FFAF7-303E-4F02-BE05-05B6F79EA7A9}</UniqueIdentifier>
    </Filter>
    <Filter Include="Engine\Src\Graphics\Render">
      <UniqueIdentifier>{914A25D2-E4AB-4015-82E8-D55EC9CA375E}</UniqueIdentifier>
    </Filter>
    <Filter Include="Engine\Src\Graphics\Render\GBuffer">
      <UniqueIdentifier>{BBE36D21-BD6D-4AFF-AC1C-E4DD0FA39218}</UniqueIdentifier>
    </Filter>
    <Filter Include="Engine\Src\Graphics\Render\Line">
      <UniqueIdentifier>{6E1C3F5E-8CD1-4DC4-A47A-F5CCF0BCA0BB}</UniqueIdentifier>
    </Filter>
    <Filter Include="Engine\Src\Graphics\Render\Model">
      <UniqueIdentifier>{29C90331-7F23-47F7-AF78-2AF2088C17E9}</UniqueIdentifier>
    </Filter>
    <Filter Include="Engine\Src\Graphics\Render\Particle">
      <UniqueIdentifier>{BE0CED7A-38D5-4709-8A9B-7EDB5DF5DB03}</UniqueIdentifier>
    </Filter>
    <Filter Include="Engine\Src\Graphics\Render\Pass">
      <UniqueIdentifier>{CBAABB6F-F15F-4A4B-ABEA-24E4DA559399}</UniqueIdentifier>
    </Filter>
    <Filter Include="Engine\Src\Graphics\Render\RenderTarget">
      <UniqueIdentifier>{5446C3E1-4C5F-4C98-9DD5-B757A27FEA12}</UniqueIdentifier>
    </Filter>
    <Filter Include="Engine\Src\Graphics\Render\Shadow">
      <UniqueIdentifier>{F8E3D9FD-E5C8-429B-8293-D1B02E8F3319}</UniqueIdentifier>
    </Filter>
    <Filter Include="Engine\Src\Graphics\Render\SkyBox">
      <UniqueIdentifier>{62674C76-9783-4635-BD13-C255A03C8986}</UniqueIdentifier>
    </Filter>
    <Filter Include="Engine\Src\Graphics\Render\Sprite">
      <UniqueIdentifier>{1145DEDA-718E-4CE9-9430-3641660152E5}</UniqueIdentifier>
    </Filter>
    <Filter Include="Engine\Src\Graphics\Resource">
      <UniqueIdentifier>{46EB0AD2-056F-4170-82B0-2521E79F7F38}</UniqueIdentifier>
    </Filter>
    <Filter Include="Engine\Src\Graphics\RootSignature">
      <UniqueIdentifier>{E6FEBD95-8FE8-4434-801F-373301855EA9}</UniqueIdentifier>
    </Filter>
    <Filter Include="Engine\Src\Graphics\Shader">
      <UniqueIdentifier>{249A8CEB-EC05-4796-9F5E-6D0441BFE8B1}</UniqueIdentifier>
    </Filter>
    <Filter Include="Engine\Src\Graphics\Shadow">
      <UniqueIdentifier>{1AC6C8BB-9FE4-4157-B447-1C3303D19ABF}</UniqueIdentifier>
    </Filter>
    <Filter Include="Engine\Src\Graphics\Texture">
      <UniqueIdentifier>{95DC8CAB-0112-41D4-9C1B-1D5308D6FCE6}</UniqueIdentifier>
    </Filter>
    <Filter Include="Engine\Src\Graphics\Texture\Cache">
      <UniqueIdentifier>{266F4C5F-4FF0-4002-8031-FCD18E2041D6}</UniqueIdentifier>
    </Filter>
    <Filter Include="Engine\Src\Graphics\Texture\Generate">
      <UniqueIdentifier>{92DC9403-8308-4EC8-AFBA-B7DC40ABF0F9}</UniqueIdentifier>
    </Filter>
    <Filter Include="Engine\Src\Graphics\Texture\Gpu">
      <UniqueIdentifier>{5696ADE6-842D-43EA-9815-346FC97D32F5}</UniqueIdentifier>
    </Filter>
    <Filter Include="Engine\Src\Graphics\Texture\Load">
      <UniqueIdentifier>{96C85384-2E11-4480-889E-BC8E12DC4AF7}</UniqueIdentifier>
    </Filter>
    <Filter Include="Engine\Src\Graphics\Texture\Path">
      <UniqueIdentifier>{992DA569-0D04-4F25-A901-59E0AF8F300A}</UniqueIdentifier>
    </Filter>
    <Filter Include="Engine\Src\Graphics\Texture\Runtime">
      <UniqueIdentifier>{82D779B0-A476-419E-9B0D-E84582C3910B}</UniqueIdentifier>
    </Filter>
    <Filter Include="Engine\Src\Input">
      <UniqueIdentifier>{54C16D33-E6EA-45EA-BFD5-732F01D04340}</UniqueIdentifier>
    </Filter>
    <Filter Include="Engine\Src\Math">
      <UniqueIdentifier>{10281AD7-3C0B-4D9F-9151-EAF58987FA64}</UniqueIdentifier>
    </Filter>
    <Filter Include="Engine\Src\Math\Easing">
      <UniqueIdentifier>{A2BDB9FB-5057-4612-9EB0-B98B55503128}</UniqueIdentifier>
    </Filter>
    <Filter Include="Engine\Src\Math\Quaternion">
      <UniqueIdentifier>{FE7F08CD-D82C-4602-8317-F2D81D2288F5}</UniqueIdentifier>
    </Filter>
    <Filter Include="Engine\Src\Math\Spline">
      <UniqueIdentifier>{FDCA58EE-0B46-4826-B109-DF10EE350A99}</UniqueIdentifier>
    </Filter>
    <Filter Include="Engine\Src\ObjectCommon">
      <UniqueIdentifier>{EE6036A2-14A8-4045-BAF8-B8F0597C8D10}</UniqueIdentifier>
    </Filter>
    <Filter Include="Engine\Src\ObjectCommon\Model">
      <UniqueIdentifier>{B78164A5-8F78-4685-B186-C0A1636DA6D0}</UniqueIdentifier>
    </Filter>
    <Filter Include="Engine\Src\ObjectCommon\Sprite">
      <UniqueIdentifier>{F5F15F82-DE69-42BA-AA92-63B7A632109F}</UniqueIdentifier>
    </Filter>
    <Filter Include="Engine\Src\Particle">
      <UniqueIdentifier>{4F838E72-6CEB-4E70-9ECF-F01789055280}</UniqueIdentifier>
    </Filter>
    <Filter Include="Engine\Src\Particle\Core">
      <UniqueIdentifier>{0B5330CA-5D07-40BA-A04C-5B83D8196A96}</UniqueIdentifier>
    </Filter>
    <Filter Include="Engine\Src\Particle\Debug">
      <UniqueIdentifier>{22576EEA-4D70-4394-9259-FB63EDAD61E0}</UniqueIdentifier>
    </Filter>
    <Filter Include="Engine\Src\Particle\Modules">
      <UniqueIdentifier>{E550DB62-CBDA-4DBB-933B-B205EE3B0311}</UniqueIdentifier>
    </Filter>
    <Filter Include="Engine\Src\Scene">
      <UniqueIdentifier>{863EA1EF-7BCF-42DB-9258-C0D9FAE56DED}</UniqueIdentifier>
    </Filter>
    <Filter Include="Engine\Src\Threading">
      <UniqueIdentifier>{BA947100-DF5F-4273-BD5F-45D5B7B58B7B}</UniqueIdentifier>
    </Filter>
    <Filter Include="Engine\Src\Utility">
      <UniqueIdentifier>{46B344B6-CF7F-4BA4-AD45-446450F55874}</UniqueIdentifier>
    </Filter>
    <Filter Include="Engine\Src\Utility\Collision">
      <UniqueIdentifier>{46D9E200-5141-4E38-9D2C-F07F8BB5EBB5}</UniqueIdentifier>
    </Filter>
    <Filter Include="Engine\Src\Utility\Debug">
      <UniqueIdentifier>{8A2D5BE0-0975-4A68-995C-266173813571}</UniqueIdentifier>
    </Filter>
    <Filter Include="Engine\Src\Utility\Debug\ImGui">
      <UniqueIdentifier>{E56B5246-8506-4B28-A76C-95111CD87CE4}</UniqueIdentifier>
    </Filter>
    <Filter Include="Engine\Src\Utility\Debug\ImGui\Widgets">
      <UniqueIdentifier>{B2222744-267E-47FF-9A5C-0608230D0DAD}</UniqueIdentifier>
    </Filter>
    <Filter Include="Engine\Src\Utility\Debug\ImGui\Wrappers">
      <UniqueIdentifier>{E2DCF631-D121-448D-A521-4DB26EF3263F}</UniqueIdentifier>
    </Filter>
    <Filter Include="Engine\Src\Utility\FileErrorDialog">
      <UniqueIdentifier>{F75A418E-5312-4734-8D71-95704517A093}</UniqueIdentifier>
    </Filter>
    <Filter Include="Engine\Src\Utility\FrameRate">
      <UniqueIdentifier>{3EF43F6A-B47E-49FA-89A8-2EC239EA2398}</UniqueIdentifier>
    </Filter>
    <Filter Include="Engine\Src\Utility\JsonManager">
      <UniqueIdentifier>{DDF59094-F412-4879-A350-D360A6435BCD}</UniqueIdentifier>
    </Filter>
    <Filter Include="Engine\Src\Utility\Logger">
      <UniqueIdentifier>{AE65377C-9875-46C2-ACEB-A5583C82DCD3}</UniqueIdentifier>
    </Filter>
    <Filter Include="Engine\Src\Utility\ProcessExecutor">
      <UniqueIdentifier>{6D53D896-A1E0-449E-8CF9-C10E91EB82DD}</UniqueIdentifier>
    </Filter>
    <Filter Include="Engine\Src\Utility\Random">
      <UniqueIdentifier>{CE13D7F5-57F4-4CDF-BDA2-D844D244356B}</UniqueIdentifier>
    </Filter>
    <Filter Include="Engine\Src\Utility\Timer">
      <UniqueIdentifier>{139020EE-B17F-427B-AB95-76D25BBBABD6}</UniqueIdentifier>
    </Filter>
    <Filter Include="Engine\Src\WinApp">
      <UniqueIdentifier>{CB050433-E22F-4066-94C2-E908D6F2BCF4}</UniqueIdentifier>
    </Filter>
    <Filter Include="Engine\Src\WorldTransform">
      <UniqueIdentifier>{BC60000F-B135-4771-977F-D0BA3FC81CF9}</UniqueIdentifier>
    </Filter>
    <Filter Include="Scripts">
      <UniqueIdentifier>{4D849175-511B-4C46-A198-0FC0013EE165}</UniqueIdentifier>
    </Filter>
  </ItemGroup>
</Project>
